// !$*UTF8*$!
{
	archiveVersion = 1;
	classes = {
	};
	objectVersion = 50;
	objects = {

/* Begin PBXBuildFile section */
		4A0687F125A1121E007646E5 /* CircleImage.swift in Sources */ = {isa = PBXBuildFile; fileRef = 4A0687F025A1121E007646E5 /* CircleImage.swift */; };
		4A0687F225A1121E007646E5 /* CircleImage.swift in Sources */ = {isa = PBXBuildFile; fileRef = 4A0687F025A1121E007646E5 /* CircleImage.swift */; };
		4A0687F725A1123E007646E5 /* CircleImage.swift in Sources */ = {isa = PBXBuildFile; fileRef = 4A0687F025A1121E007646E5 /* CircleImage.swift */; };
		4A0687FC25A1123F007646E5 /* CircleImage.swift in Sources */ = {isa = PBXBuildFile; fileRef = 4A0687F025A1121E007646E5 /* CircleImage.swift */; };
		4A06880225A113EA007646E5 /* MapView.swift in Sources */ = {isa = PBXBuildFile; fileRef = 4A06880125A113EA007646E5 /* MapView.swift */; };
		4A06880325A113EA007646E5 /* MapView.swift in Sources */ = {isa = PBXBuildFile; fileRef = 4A06880125A113EA007646E5 /* MapView.swift */; };
		4A06880425A113EA007646E5 /* MapView.swift in Sources */ = {isa = PBXBuildFile; fileRef = 4A06880125A113EA007646E5 /* MapView.swift */; };
		4A06880525A113EA007646E5 /* MapView.swift in Sources */ = {isa = PBXBuildFile; fileRef = 4A06880125A113EA007646E5 /* MapView.swift */; };
		4A06880B25A11720007646E5 /* landmarkData.json in Resources */ = {isa = PBXBuildFile; fileRef = 4A06880A25A11720007646E5 /* landmarkData.json */; };
		4A06880C25A11720007646E5 /* landmarkData.json in Resources */ = {isa = PBXBuildFile; fileRef = 4A06880A25A11720007646E5 /* landmarkData.json */; };
		4A06880D25A11720007646E5 /* landmarkData.json in Resources */ = {isa = PBXBuildFile; fileRef = 4A06880A25A11720007646E5 /* landmarkData.json */; };
		4A06880E25A11720007646E5 /* landmarkData.json in Resources */ = {isa = PBXBuildFile; fileRef = 4A06880A25A11720007646E5 /* landmarkData.json */; };
		4A06881825A11739007646E5 /* Landmark.swift in Sources */ = {isa = PBXBuildFile; fileRef = 4A06881725A11739007646E5 /* Landmark.swift */; };
		4A06881925A11739007646E5 /* Landmark.swift in Sources */ = {isa = PBXBuildFile; fileRef = 4A06881725A11739007646E5 /* Landmark.swift */; };
		4A06881A25A11739007646E5 /* Landmark.swift in Sources */ = {isa = PBXBuildFile; fileRef = 4A06881725A11739007646E5 /* Landmark.swift */; };
		4A06881B25A11739007646E5 /* Landmark.swift in Sources */ = {isa = PBXBuildFile; fileRef = 4A06881725A11739007646E5 /* Landmark.swift */; };
		4A06882125A118A7007646E5 /* ModelData.swift in Sources */ = {isa = PBXBuildFile; fileRef = 4A06882025A118A6007646E5 /* ModelData.swift */; };
		4A06882225A118A7007646E5 /* ModelData.swift in Sources */ = {isa = PBXBuildFile; fileRef = 4A06882025A118A6007646E5 /* ModelData.swift */; };
		4A06882325A118A7007646E5 /* ModelData.swift in Sources */ = {isa = PBXBuildFile; fileRef = 4A06882025A118A6007646E5 /* ModelData.swift */; };
		4A06882425A118A7007646E5 /* ModelData.swift in Sources */ = {isa = PBXBuildFile; fileRef = 4A06882025A118A6007646E5 /* ModelData.swift */; };
		4A06883925A11C24007646E5 /* LandmarkRow.swift in Sources */ = {isa = PBXBuildFile; fileRef = 4A06883825A11C24007646E5 /* LandmarkRow.swift */; };
		4A06883A25A11C24007646E5 /* LandmarkRow.swift in Sources */ = {isa = PBXBuildFile; fileRef = 4A06883825A11C24007646E5 /* LandmarkRow.swift */; };
		4A06883B25A11C24007646E5 /* LandmarkRow.swift in Sources */ = {isa = PBXBuildFile; fileRef = 4A06883825A11C24007646E5 /* LandmarkRow.swift */; };
		4A06883C25A11C24007646E5 /* LandmarkRow.swift in Sources */ = {isa = PBXBuildFile; fileRef = 4A06883825A11C24007646E5 /* LandmarkRow.swift */; };
		4A06884625A11F6F007646E5 /* LandmarkList.swift in Sources */ = {isa = PBXBuildFile; fileRef = 4A06884525A11F6F007646E5 /* LandmarkList.swift */; };
		4A06884725A11F6F007646E5 /* LandmarkList.swift in Sources */ = {isa = PBXBuildFile; fileRef = 4A06884525A11F6F007646E5 /* LandmarkList.swift */; };
		4A06884825A11F6F007646E5 /* LandmarkList.swift in Sources */ = {isa = PBXBuildFile; fileRef = 4A06884525A11F6F007646E5 /* LandmarkList.swift */; };
		4A06884925A11F6F007646E5 /* LandmarkList.swift in Sources */ = {isa = PBXBuildFile; fileRef = 4A06884525A11F6F007646E5 /* LandmarkList.swift */; };
		4A06884F25A1204B007646E5 /* LandmarkDetail.swift in Sources */ = {isa = PBXBuildFile; fileRef = 4A06884E25A1204B007646E5 /* LandmarkDetail.swift */; };
		4A06885025A1204B007646E5 /* LandmarkDetail.swift in Sources */ = {isa = PBXBuildFile; fileRef = 4A06884E25A1204B007646E5 /* LandmarkDetail.swift */; };
		4A06885125A1204B007646E5 /* LandmarkDetail.swift in Sources */ = {isa = PBXBuildFile; fileRef = 4A06884E25A1204B007646E5 /* LandmarkDetail.swift */; };
		4A06885225A1204B007646E5 /* LandmarkDetail.swift in Sources */ = {isa = PBXBuildFile; fileRef = 4A06884E25A1204B007646E5 /* LandmarkDetail.swift */; };
		4A06886425A28A80007646E5 /* FavoriteButton.swift in Sources */ = {isa = PBXBuildFile; fileRef = 4A06886325A28A80007646E5 /* FavoriteButton.swift */; };
		4A06886525A28A80007646E5 /* FavoriteButton.swift in Sources */ = {isa = PBXBuildFile; fileRef = 4A06886325A28A80007646E5 /* FavoriteButton.swift */; };
		4A06886625A28A80007646E5 /* FavoriteButton.swift in Sources */ = {isa = PBXBuildFile; fileRef = 4A06886325A28A80007646E5 /* FavoriteButton.swift */; };
		4A06886725A28A80007646E5 /* FavoriteButton.swift in Sources */ = {isa = PBXBuildFile; fileRef = 4A06886325A28A80007646E5 /* FavoriteButton.swift */; };
		4A06888225A28D6A007646E5 /* HexagonParameters.swift in Sources */ = {isa = PBXBuildFile; fileRef = 4A06888125A28D6A007646E5 /* HexagonParameters.swift */; };
		4A06888325A28D6A007646E5 /* HexagonParameters.swift in Sources */ = {isa = PBXBuildFile; fileRef = 4A06888125A28D6A007646E5 /* HexagonParameters.swift */; };
		4A06888425A28D6A007646E5 /* HexagonParameters.swift in Sources */ = {isa = PBXBuildFile; fileRef = 4A06888125A28D6A007646E5 /* HexagonParameters.swift */; };
		4A06888525A28D6A007646E5 /* HexagonParameters.swift in Sources */ = {isa = PBXBuildFile; fileRef = 4A06888125A28D6A007646E5 /* HexagonParameters.swift */; };
		4A06888B25A28E2E007646E5 /* BadgeBackground.swift in Sources */ = {isa = PBXBuildFile; fileRef = 4A06888A25A28E2E007646E5 /* BadgeBackground.swift */; };
		4A06888C25A28E2E007646E5 /* BadgeBackground.swift in Sources */ = {isa = PBXBuildFile; fileRef = 4A06888A25A28E2E007646E5 /* BadgeBackground.swift */; };
		4A06888D25A28E2E007646E5 /* BadgeBackground.swift in Sources */ = {isa = PBXBuildFile; fileRef = 4A06888A25A28E2E007646E5 /* BadgeBackground.swift */; };
		4A06888E25A28E2E007646E5 /* BadgeBackground.swift in Sources */ = {isa = PBXBuildFile; fileRef = 4A06888A25A28E2E007646E5 /* BadgeBackground.swift */; };
		4A06889425A292D8007646E5 /* BadgeSymbol.swift in Sources */ = {isa = PBXBuildFile; fileRef = 4A06889325A292D8007646E5 /* BadgeSymbol.swift */; };
		4A06889525A292D8007646E5 /* BadgeSymbol.swift in Sources */ = {isa = PBXBuildFile; fileRef = 4A06889325A292D8007646E5 /* BadgeSymbol.swift */; };
		4A06889625A292D8007646E5 /* BadgeSymbol.swift in Sources */ = {isa = PBXBuildFile; fileRef = 4A06889325A292D8007646E5 /* BadgeSymbol.swift */; };
		4A06889725A292D8007646E5 /* BadgeSymbol.swift in Sources */ = {isa = PBXBuildFile; fileRef = 4A06889325A292D8007646E5 /* BadgeSymbol.swift */; };
		4A06889D25A2939A007646E5 /* RotatedBadgeSymbol.swift in Sources */ = {isa = PBXBuildFile; fileRef = 4A06889C25A2939A007646E5 /* RotatedBadgeSymbol.swift */; };
		4A06889E25A2939A007646E5 /* RotatedBadgeSymbol.swift in Sources */ = {isa = PBXBuildFile; fileRef = 4A06889C25A2939A007646E5 /* RotatedBadgeSymbol.swift */; };
		4A06889F25A2939A007646E5 /* RotatedBadgeSymbol.swift in Sources */ = {isa = PBXBuildFile; fileRef = 4A06889C25A2939A007646E5 /* RotatedBadgeSymbol.swift */; };
		4A0688A025A2939A007646E5 /* RotatedBadgeSymbol.swift in Sources */ = {isa = PBXBuildFile; fileRef = 4A06889C25A2939A007646E5 /* RotatedBadgeSymbol.swift */; };
		4A0688A625A293F2007646E5 /* Badge.swift in Sources */ = {isa = PBXBuildFile; fileRef = 4A0688A525A293F2007646E5 /* Badge.swift */; };
		4A0688A725A293F2007646E5 /* Badge.swift in Sources */ = {isa = PBXBuildFile; fileRef = 4A0688A525A293F2007646E5 /* Badge.swift */; };
		4A0688A825A293F2007646E5 /* Badge.swift in Sources */ = {isa = PBXBuildFile; fileRef = 4A0688A525A293F2007646E5 /* Badge.swift */; };
		4A0688A925A293F2007646E5 /* Badge.swift in Sources */ = {isa = PBXBuildFile; fileRef = 4A0688A525A293F2007646E5 /* Badge.swift */; };
		4AB75AB125A0D854002ECCD0 /* Tests_iOS.swift in Sources */ = {isa = PBXBuildFile; fileRef = 4AB75AB025A0D854002ECCD0 /* Tests_iOS.swift */; };
		4AB75ABC25A0D854002ECCD0 /* Tests_macOS.swift in Sources */ = {isa = PBXBuildFile; fileRef = 4AB75ABB25A0D854002ECCD0 /* Tests_macOS.swift */; };
		4AB75ABE25A0D854002ECCD0 /* LandmarksApp.swift in Sources */ = {isa = PBXBuildFile; fileRef = 4AB75A9525A0D853002ECCD0 /* LandmarksApp.swift */; };
		4AB75ABF25A0D854002ECCD0 /* LandmarksApp.swift in Sources */ = {isa = PBXBuildFile; fileRef = 4AB75A9525A0D853002ECCD0 /* LandmarksApp.swift */; };
		4AB75AC025A0D854002ECCD0 /* ContentView.swift in Sources */ = {isa = PBXBuildFile; fileRef = 4AB75A9625A0D853002ECCD0 /* ContentView.swift */; };
		4AB75AC125A0D854002ECCD0 /* ContentView.swift in Sources */ = {isa = PBXBuildFile; fileRef = 4AB75A9625A0D853002ECCD0 /* ContentView.swift */; };
		4AB75AC225A0D854002ECCD0 /* Assets.xcassets in Resources */ = {isa = PBXBuildFile; fileRef = 4AB75A9725A0D854002ECCD0 /* Assets.xcassets */; };
		4AB75AC325A0D854002ECCD0 /* Assets.xcassets in Resources */ = {isa = PBXBuildFile; fileRef = 4AB75A9725A0D854002ECCD0 /* Assets.xcassets */; };
/* End PBXBuildFile section */

/* Begin PBXContainerItemProxy section */
		4AB75AAD25A0D854002ECCD0 /* PBXContainerItemProxy */ = {
			isa = PBXContainerItemProxy;
			containerPortal = 4AB75A9025A0D853002ECCD0 /* Project object */;
			proxyType = 1;
			remoteGlobalIDString = 4AB75A9B25A0D854002ECCD0;
			remoteInfo = "Landmarks (iOS)";
		};
		4AB75AB825A0D854002ECCD0 /* PBXContainerItemProxy */ = {
			isa = PBXContainerItemProxy;
			containerPortal = 4AB75A9025A0D853002ECCD0 /* Project object */;
			proxyType = 1;
			remoteGlobalIDString = 4AB75AA325A0D854002ECCD0;
			remoteInfo = "Landmarks (macOS)";
		};
/* End PBXContainerItemProxy section */

/* Begin PBXFileReference section */
		4A0687F025A1121E007646E5 /* CircleImage.swift */ = {isa = PBXFileReference; lastKnownFileType = sourcecode.swift; path = CircleImage.swift; sourceTree = "<group>"; };
		4A06880125A113EA007646E5 /* MapView.swift */ = {isa = PBXFileReference; lastKnownFileType = sourcecode.swift; path = MapView.swift; sourceTree = "<group>"; };
		4A06880A25A11720007646E5 /* landmarkData.json */ = {isa = PBXFileReference; fileEncoding = 4; lastKnownFileType = text.json; path = landmarkData.json; sourceTree = "<group>"; };
		4A06881725A11739007646E5 /* Landmark.swift */ = {isa = PBXFileReference; lastKnownFileType = sourcecode.swift; path = Landmark.swift; sourceTree = "<group>"; };
		4A06882025A118A6007646E5 /* ModelData.swift */ = {isa = PBXFileReference; lastKnownFileType = sourcecode.swift; path = ModelData.swift; sourceTree = "<group>"; };
		4A06883825A11C24007646E5 /* LandmarkRow.swift */ = {isa = PBXFileReference; lastKnownFileType = sourcecode.swift; path = LandmarkRow.swift; sourceTree = "<group>"; };
		4A06884525A11F6F007646E5 /* LandmarkList.swift */ = {isa = PBXFileReference; lastKnownFileType = sourcecode.swift; path = LandmarkList.swift; sourceTree = "<group>"; };
		4A06884E25A1204B007646E5 /* LandmarkDetail.swift */ = {isa = PBXFileReference; lastKnownFileType = sourcecode.swift; path = LandmarkDetail.swift; sourceTree = "<group>"; };
		4A06886325A28A80007646E5 /* FavoriteButton.swift */ = {isa = PBXFileReference; lastKnownFileType = sourcecode.swift; path = FavoriteButton.swift; sourceTree = "<group>"; };
		4A06888125A28D6A007646E5 /* HexagonParameters.swift */ = {isa = PBXFileReference; lastKnownFileType = sourcecode.swift; path = HexagonParameters.swift; sourceTree = "<group>"; };
		4A06888A25A28E2E007646E5 /* BadgeBackground.swift */ = {isa = PBXFileReference; lastKnownFileType = sourcecode.swift; path = BadgeBackground.swift; sourceTree = "<group>"; };
		4A06889325A292D8007646E5 /* BadgeSymbol.swift */ = {isa = PBXFileReference; lastKnownFileType = sourcecode.swift; path = BadgeSymbol.swift; sourceTree = "<group>"; };
		4A06889C25A2939A007646E5 /* RotatedBadgeSymbol.swift */ = {isa = PBXFileReference; lastKnownFileType = sourcecode.swift; path = RotatedBadgeSymbol.swift; sourceTree = "<group>"; };
		4A0688A525A293F2007646E5 /* Badge.swift */ = {isa = PBXFileReference; lastKnownFileType = sourcecode.swift; path = Badge.swift; sourceTree = "<group>"; };
		4AB75A9525A0D853002ECCD0 /* LandmarksApp.swift */ = {isa = PBXFileReference; lastKnownFileType = sourcecode.swift; path = LandmarksApp.swift; sourceTree = "<group>"; };
		4AB75A9625A0D853002ECCD0 /* ContentView.swift */ = {isa = PBXFileReference; lastKnownFileType = sourcecode.swift; path = ContentView.swift; sourceTree = "<group>"; };
		4AB75A9725A0D854002ECCD0 /* Assets.xcassets */ = {isa = PBXFileReference; lastKnownFileType = folder.assetcatalog; path = Assets.xcassets; sourceTree = "<group>"; };
		4AB75A9C25A0D854002ECCD0 /* Landmarks.app */ = {isa = PBXFileReference; explicitFileType = wrapper.application; includeInIndex = 0; path = Landmarks.app; sourceTree = BUILT_PRODUCTS_DIR; };
		4AB75A9F25A0D854002ECCD0 /* Info.plist */ = {isa = PBXFileReference; lastKnownFileType = text.plist.xml; path = Info.plist; sourceTree = "<group>"; };
		4AB75AA425A0D854002ECCD0 /* Landmarks.app */ = {isa = PBXFileReference; explicitFileType = wrapper.application; includeInIndex = 0; path = Landmarks.app; sourceTree = BUILT_PRODUCTS_DIR; };
		4AB75AA625A0D854002ECCD0 /* Info.plist */ = {isa = PBXFileReference; lastKnownFileType = text.plist.xml; path = Info.plist; sourceTree = "<group>"; };
		4AB75AA725A0D854002ECCD0 /* macOS.entitlements */ = {isa = PBXFileReference; lastKnownFileType = text.plist.entitlements; path = macOS.entitlements; sourceTree = "<group>"; };
		4AB75AAC25A0D854002ECCD0 /* Tests iOS.xctest */ = {isa = PBXFileReference; explicitFileType = wrapper.cfbundle; includeInIndex = 0; path = "Tests iOS.xctest"; sourceTree = BUILT_PRODUCTS_DIR; };
		4AB75AB025A0D854002ECCD0 /* Tests_iOS.swift */ = {isa = PBXFileReference; lastKnownFileType = sourcecode.swift; path = Tests_iOS.swift; sourceTree = "<group>"; };
		4AB75AB225A0D854002ECCD0 /* Info.plist */ = {isa = PBXFileReference; lastKnownFileType = text.plist.xml; path = Info.plist; sourceTree = "<group>"; };
		4AB75AB725A0D854002ECCD0 /* Tests macOS.xctest */ = {isa = PBXFileReference; explicitFileType = wrapper.cfbundle; includeInIndex = 0; path = "Tests macOS.xctest"; sourceTree = BUILT_PRODUCTS_DIR; };
		4AB75ABB25A0D854002ECCD0 /* Tests_macOS.swift */ = {isa = PBXFileReference; lastKnownFileType = sourcecode.swift; path = Tests_macOS.swift; sourceTree = "<group>"; };
		4AB75ABD25A0D854002ECCD0 /* Info.plist */ = {isa = PBXFileReference; lastKnownFileType = text.plist.xml; path = Info.plist; sourceTree = "<group>"; };
/* End PBXFileReference section */

/* Begin PBXFrameworksBuildPhase section */
		4AB75A9925A0D854002ECCD0 /* Frameworks */ = {
			isa = PBXFrameworksBuildPhase;
			buildActionMask = 2147483647;
			files = (
			);
			runOnlyForDeploymentPostprocessing = 0;
		};
		4AB75AA125A0D854002ECCD0 /* Frameworks */ = {
			isa = PBXFrameworksBuildPhase;
			buildActionMask = 2147483647;
			files = (
			);
			runOnlyForDeploymentPostprocessing = 0;
		};
		4AB75AA925A0D854002ECCD0 /* Frameworks */ = {
			isa = PBXFrameworksBuildPhase;
			buildActionMask = 2147483647;
			files = (
			);
			runOnlyForDeploymentPostprocessing = 0;
		};
		4AB75AB425A0D854002ECCD0 /* Frameworks */ = {
			isa = PBXFrameworksBuildPhase;
			buildActionMask = 2147483647;
			files = (
			);
			runOnlyForDeploymentPostprocessing = 0;
		};
/* End PBXFrameworksBuildPhase section */

/* Begin PBXGroup section */
		4A06882925A119FC007646E5 /* Views */ = {
			isa = PBXGroup;
			children = (
				4AB75A9625A0D853002ECCD0 /* ContentView.swift */,
				4AA5A45625A2967B009B460D /* Landmarks */,
				4A06886C25A28B33007646E5 /* Helpers */,
				4AA5A44D25A29668009B460D /* Badges */,
			);
			path = Views;
			sourceTree = "<group>";
		};
		4A06882E25A11A4C007646E5 /* Model */ = {
			isa = PBXGroup;
			children = (
				4A06881725A11739007646E5 /* Landmark.swift */,
				4A06882025A118A6007646E5 /* ModelData.swift */,
			);
			path = Model;
			sourceTree = "<group>";
		};
		4A06882F25A11A5B007646E5 /* Resources */ = {
			isa = PBXGroup;
			children = (
				4A06880A25A11720007646E5 /* landmarkData.json */,
			);
			path = Resources;
			sourceTree = "<group>";
		};
		4A06886C25A28B33007646E5 /* Helpers */ = {
			isa = PBXGroup;
			children = (
				4A0687F025A1121E007646E5 /* CircleImage.swift */,
				4A06880125A113EA007646E5 /* MapView.swift */,
				4A06886325A28A80007646E5 /* FavoriteButton.swift */,
			);
			path = Helpers;
			sourceTree = "<group>";
		};
		4AA5A44D25A29668009B460D /* Badges */ = {
			isa = PBXGroup;
			children = (
				4A06888125A28D6A007646E5 /* HexagonParameters.swift */,
				4A06888A25A28E2E007646E5 /* BadgeBackground.swift */,
				4A06889325A292D8007646E5 /* BadgeSymbol.swift */,
				4A06889C25A2939A007646E5 /* RotatedBadgeSymbol.swift */,
				4A0688A525A293F2007646E5 /* Badge.swift */,
			);
			path = Badges;
			sourceTree = "<group>";
		};
		4AA5A45625A2967B009B460D /* Landmarks */ = {
			isa = PBXGroup;
			children = (
				4A06883825A11C24007646E5 /* LandmarkRow.swift */,
				4A06884525A11F6F007646E5 /* LandmarkList.swift */,
				4A06884E25A1204B007646E5 /* LandmarkDetail.swift */,
			);
			path = Landmarks;
			sourceTree = "<group>";
		};
		4AB75A8F25A0D853002ECCD0 = {
			isa = PBXGroup;
			children = (
				4AB75A9425A0D853002ECCD0 /* Shared */,
				4AB75A9E25A0D854002ECCD0 /* iOS */,
				4AB75AA525A0D854002ECCD0 /* macOS */,
				4AB75AAF25A0D854002ECCD0 /* Tests iOS */,
				4AB75ABA25A0D854002ECCD0 /* Tests macOS */,
				4AB75A9D25A0D854002ECCD0 /* Products */,
			);
			sourceTree = "<group>";
		};
		4AB75A9425A0D853002ECCD0 /* Shared */ = {
			isa = PBXGroup;
			children = (
				4AB75A9525A0D853002ECCD0 /* LandmarksApp.swift */,
				4A06882925A119FC007646E5 /* Views */,
				4A06882E25A11A4C007646E5 /* Model */,
				4A06882F25A11A5B007646E5 /* Resources */,
				4AB75A9725A0D854002ECCD0 /* Assets.xcassets */,
			);
			path = Shared;
			sourceTree = "<group>";
		};
		4AB75A9D25A0D854002ECCD0 /* Products */ = {
			isa = PBXGroup;
			children = (
				4AB75A9C25A0D854002ECCD0 /* Landmarks.app */,
				4AB75AA425A0D854002ECCD0 /* Landmarks.app */,
				4AB75AAC25A0D854002ECCD0 /* Tests iOS.xctest */,
				4AB75AB725A0D854002ECCD0 /* Tests macOS.xctest */,
			);
			name = Products;
			sourceTree = "<group>";
		};
		4AB75A9E25A0D854002ECCD0 /* iOS */ = {
			isa = PBXGroup;
			children = (
				4AB75A9F25A0D854002ECCD0 /* Info.plist */,
			);
			path = iOS;
			sourceTree = "<group>";
		};
		4AB75AA525A0D854002ECCD0 /* macOS */ = {
			isa = PBXGroup;
			children = (
				4AB75AA625A0D854002ECCD0 /* Info.plist */,
				4AB75AA725A0D854002ECCD0 /* macOS.entitlements */,
			);
			path = macOS;
			sourceTree = "<group>";
		};
		4AB75AAF25A0D854002ECCD0 /* Tests iOS */ = {
			isa = PBXGroup;
			children = (
				4AB75AB025A0D854002ECCD0 /* Tests_iOS.swift */,
				4AB75AB225A0D854002ECCD0 /* Info.plist */,
			);
			path = "Tests iOS";
			sourceTree = "<group>";
		};
		4AB75ABA25A0D854002ECCD0 /* Tests macOS */ = {
			isa = PBXGroup;
			children = (
				4AB75ABB25A0D854002ECCD0 /* Tests_macOS.swift */,
				4AB75ABD25A0D854002ECCD0 /* Info.plist */,
			);
			path = "Tests macOS";
			sourceTree = "<group>";
		};
/* End PBXGroup section */

/* Begin PBXNativeTarget section */
		4AB75A9B25A0D854002ECCD0 /* Landmarks (iOS) */ = {
			isa = PBXNativeTarget;
			buildConfigurationList = 4AB75AC625A0D854002ECCD0 /* Build configuration list for PBXNativeTarget "Landmarks (iOS)" */;
			buildPhases = (
				4AB75A9825A0D854002ECCD0 /* Sources */,
				4AB75A9925A0D854002ECCD0 /* Frameworks */,
				4AB75A9A25A0D854002ECCD0 /* Resources */,
			);
			buildRules = (
			);
			dependencies = (
			);
			name = "Landmarks (iOS)";
			productName = "Landmarks (iOS)";
			productReference = 4AB75A9C25A0D854002ECCD0 /* Landmarks.app */;
			productType = "com.apple.product-type.application";
		};
		4AB75AA325A0D854002ECCD0 /* Landmarks (macOS) */ = {
			isa = PBXNativeTarget;
			buildConfigurationList = 4AB75AC925A0D854002ECCD0 /* Build configuration list for PBXNativeTarget "Landmarks (macOS)" */;
			buildPhases = (
				4AB75AA025A0D854002ECCD0 /* Sources */,
				4AB75AA125A0D854002ECCD0 /* Frameworks */,
				4AB75AA225A0D854002ECCD0 /* Resources */,
			);
			buildRules = (
			);
			dependencies = (
			);
			name = "Landmarks (macOS)";
			productName = "Landmarks (macOS)";
			productReference = 4AB75AA425A0D854002ECCD0 /* Landmarks.app */;
			productType = "com.apple.product-type.application";
		};
		4AB75AAB25A0D854002ECCD0 /* Tests iOS */ = {
			isa = PBXNativeTarget;
			buildConfigurationList = 4AB75ACC25A0D854002ECCD0 /* Build configuration list for PBXNativeTarget "Tests iOS" */;
			buildPhases = (
				4AB75AA825A0D854002ECCD0 /* Sources */,
				4AB75AA925A0D854002ECCD0 /* Frameworks */,
				4AB75AAA25A0D854002ECCD0 /* Resources */,
			);
			buildRules = (
			);
			dependencies = (
				4AB75AAE25A0D854002ECCD0 /* PBXTargetDependency */,
			);
			name = "Tests iOS";
			productName = "Tests iOS";
			productReference = 4AB75AAC25A0D854002ECCD0 /* Tests iOS.xctest */;
			productType = "com.apple.product-type.bundle.ui-testing";
		};
		4AB75AB625A0D854002ECCD0 /* Tests macOS */ = {
			isa = PBXNativeTarget;
			buildConfigurationList = 4AB75ACF25A0D854002ECCD0 /* Build configuration list for PBXNativeTarget "Tests macOS" */;
			buildPhases = (
				4AB75AB325A0D854002ECCD0 /* Sources */,
				4AB75AB425A0D854002ECCD0 /* Frameworks */,
				4AB75AB525A0D854002ECCD0 /* Resources */,
			);
			buildRules = (
			);
			dependencies = (
				4AB75AB925A0D854002ECCD0 /* PBXTargetDependency */,
			);
			name = "Tests macOS";
			productName = "Tests macOS";
			productReference = 4AB75AB725A0D854002ECCD0 /* Tests macOS.xctest */;
			productType = "com.apple.product-type.bundle.ui-testing";
		};
/* End PBXNativeTarget section */

/* Begin PBXProject section */
		4AB75A9025A0D853002ECCD0 /* Project object */ = {
			isa = PBXProject;
			attributes = {
				LastSwiftUpdateCheck = 1230;
				LastUpgradeCheck = 1230;
				TargetAttributes = {
					4AB75A9B25A0D854002ECCD0 = {
						CreatedOnToolsVersion = 12.3;
					};
					4AB75AA325A0D854002ECCD0 = {
						CreatedOnToolsVersion = 12.3;
					};
					4AB75AAB25A0D854002ECCD0 = {
						CreatedOnToolsVersion = 12.3;
						TestTargetID = 4AB75A9B25A0D854002ECCD0;
					};
					4AB75AB625A0D854002ECCD0 = {
						CreatedOnToolsVersion = 12.3;
						TestTargetID = 4AB75AA325A0D854002ECCD0;
					};
				};
			};
			buildConfigurationList = 4AB75A9325A0D853002ECCD0 /* Build configuration list for PBXProject "Landmarks" */;
			compatibilityVersion = "Xcode 9.3";
			developmentRegion = en;
			hasScannedForEncodings = 0;
			knownRegions = (
				en,
				Base,
			);
			mainGroup = 4AB75A8F25A0D853002ECCD0;
			productRefGroup = 4AB75A9D25A0D854002ECCD0 /* Products */;
			projectDirPath = "";
			projectRoot = "";
			targets = (
				4AB75A9B25A0D854002ECCD0 /* Landmarks (iOS) */,
				4AB75AA325A0D854002ECCD0 /* Landmarks (macOS) */,
				4AB75AAB25A0D854002ECCD0 /* Tests iOS */,
				4AB75AB625A0D854002ECCD0 /* Tests macOS */,
			);
		};
/* End PBXProject section */

/* Begin PBXResourcesBuildPhase section */
		4AB75A9A25A0D854002ECCD0 /* Resources */ = {
			isa = PBXResourcesBuildPhase;
			buildActionMask = 2147483647;
			files = (
				4AB75AC225A0D854002ECCD0 /* Assets.xcassets in Resources */,
				4A06880B25A11720007646E5 /* landmarkData.json in Resources */,
			);
			runOnlyForDeploymentPostprocessing = 0;
		};
		4AB75AA225A0D854002ECCD0 /* Resources */ = {
			isa = PBXResourcesBuildPhase;
			buildActionMask = 2147483647;
			files = (
				4AB75AC325A0D854002ECCD0 /* Assets.xcassets in Resources */,
				4A06880C25A11720007646E5 /* landmarkData.json in Resources */,
			);
			runOnlyForDeploymentPostprocessing = 0;
		};
		4AB75AAA25A0D854002ECCD0 /* Resources */ = {
			isa = PBXResourcesBuildPhase;
			buildActionMask = 2147483647;
			files = (
				4A06880D25A11720007646E5 /* landmarkData.json in Resources */,
			);
			runOnlyForDeploymentPostprocessing = 0;
		};
		4AB75AB525A0D854002ECCD0 /* Resources */ = {
			isa = PBXResourcesBuildPhase;
			buildActionMask = 2147483647;
			files = (
				4A06880E25A11720007646E5 /* landmarkData.json in Resources */,
			);
			runOnlyForDeploymentPostprocessing = 0;
		};
/* End PBXResourcesBuildPhase section */

/* Begin PBXSourcesBuildPhase section */
		4AB75A9825A0D854002ECCD0 /* Sources */ = {
			isa = PBXSourcesBuildPhase;
			buildActionMask = 2147483647;
			files = (
				4AB75AC025A0D854002ECCD0 /* ContentView.swift in Sources */,
				4A0688A625A293F2007646E5 /* Badge.swift in Sources */,
				4A06880225A113EA007646E5 /* MapView.swift in Sources */,
				4AB75ABE25A0D854002ECCD0 /* LandmarksApp.swift in Sources */,
				4A06884625A11F6F007646E5 /* LandmarkList.swift in Sources */,
				4A06888225A28D6A007646E5 /* HexagonParameters.swift in Sources */,
				4A06889D25A2939A007646E5 /* RotatedBadgeSymbol.swift in Sources */,
				4A06889425A292D8007646E5 /* BadgeSymbol.swift in Sources */,
				4A06884F25A1204B007646E5 /* LandmarkDetail.swift in Sources */,
				4A0687F125A1121E007646E5 /* CircleImage.swift in Sources */,
				4A06888B25A28E2E007646E5 /* BadgeBackground.swift in Sources */,
				4A06881825A11739007646E5 /* Landmark.swift in Sources */,
				4A06883925A11C24007646E5 /* LandmarkRow.swift in Sources */,
				4A06882125A118A7007646E5 /* ModelData.swift in Sources */,
				4A06886425A28A80007646E5 /* FavoriteButton.swift in Sources */,
			);
			runOnlyForDeploymentPostprocessing = 0;
		};
		4AB75AA025A0D854002ECCD0 /* Sources */ = {
			isa = PBXSourcesBuildPhase;
			buildActionMask = 2147483647;
			files = (
				4AB75AC125A0D854002ECCD0 /* ContentView.swift in Sources */,
				4A0688A725A293F2007646E5 /* Badge.swift in Sources */,
				4A06880325A113EA007646E5 /* MapView.swift in Sources */,
				4AB75ABF25A0D854002ECCD0 /* LandmarksApp.swift in Sources */,
				4A06884725A11F6F007646E5 /* LandmarkList.swift in Sources */,
				4A06888325A28D6A007646E5 /* HexagonParameters.swift in Sources */,
				4A06889E25A2939A007646E5 /* RotatedBadgeSymbol.swift in Sources */,
				4A06889525A292D8007646E5 /* BadgeSymbol.swift in Sources */,
				4A06885025A1204B007646E5 /* LandmarkDetail.swift in Sources */,
				4A0687F225A1121E007646E5 /* CircleImage.swift in Sources */,
				4A06888C25A28E2E007646E5 /* BadgeBackground.swift in Sources */,
				4A06881925A11739007646E5 /* Landmark.swift in Sources */,
				4A06883A25A11C24007646E5 /* LandmarkRow.swift in Sources */,
				4A06882225A118A7007646E5 /* ModelData.swift in Sources */,
				4A06886525A28A80007646E5 /* FavoriteButton.swift in Sources */,
			);
			runOnlyForDeploymentPostprocessing = 0;
		};
		4AB75AA825A0D854002ECCD0 /* Sources */ = {
			isa = PBXSourcesBuildPhase;
			buildActionMask = 2147483647;
			files = (
				4A06888425A28D6A007646E5 /* HexagonParameters.swift in Sources */,
				4AB75AB125A0D854002ECCD0 /* Tests_iOS.swift in Sources */,
				4A06880425A113EA007646E5 /* MapView.swift in Sources */,
				4A06883B25A11C24007646E5 /* LandmarkRow.swift in Sources */,
				4A06884825A11F6F007646E5 /* LandmarkList.swift in Sources */,
				4A06889625A292D8007646E5 /* BadgeSymbol.swift in Sources */,
				4A06885125A1204B007646E5 /* LandmarkDetail.swift in Sources */,
				4A0688A825A293F2007646E5 /* Badge.swift in Sources */,
				4A06888D25A28E2E007646E5 /* BadgeBackground.swift in Sources */,
				4A06882325A118A7007646E5 /* ModelData.swift in Sources */,
				4A06886625A28A80007646E5 /* FavoriteButton.swift in Sources */,
				4A06889F25A2939A007646E5 /* RotatedBadgeSymbol.swift in Sources */,
				4A0687F725A1123E007646E5 /* CircleImage.swift in Sources */,
				4A06881A25A11739007646E5 /* Landmark.swift in Sources */,
			);
			runOnlyForDeploymentPostprocessing = 0;
		};
		4AB75AB325A0D854002ECCD0 /* Sources */ = {
			isa = PBXSourcesBuildPhase;
			buildActionMask = 2147483647;
			files = (
				4A06888525A28D6A007646E5 /* HexagonParameters.swift in Sources */,
				4AB75ABC25A0D854002ECCD0 /* Tests_macOS.swift in Sources */,
				4A06880525A113EA007646E5 /* MapView.swift in Sources */,
				4A06883C25A11C24007646E5 /* LandmarkRow.swift in Sources */,
				4A06884925A11F6F007646E5 /* LandmarkList.swift in Sources */,
				4A06889725A292D8007646E5 /* BadgeSymbol.swift in Sources */,
				4A06885225A1204B007646E5 /* LandmarkDetail.swift in Sources */,
				4A0688A925A293F2007646E5 /* Badge.swift in Sources */,
				4A06888E25A28E2E007646E5 /* BadgeBackground.swift in Sources */,
				4A06882425A118A7007646E5 /* ModelData.swift in Sources */,
				4A06886725A28A80007646E5 /* FavoriteButton.swift in Sources */,
				4A0688A025A2939A007646E5 /* RotatedBadgeSymbol.swift in Sources */,
				4A0687FC25A1123F007646E5 /* CircleImage.swift in Sources */,
				4A06881B25A11739007646E5 /* Landmark.swift in Sources */,
			);
			runOnlyForDeploymentPostprocessing = 0;
		};
/* End PBXSourcesBuildPhase section */

/* Begin PBXTargetDependency section */
		4AB75AAE25A0D854002ECCD0 /* PBXTargetDependency */ = {
			isa = PBXTargetDependency;
			target = 4AB75A9B25A0D854002ECCD0 /* Landmarks (iOS) */;
			targetProxy = 4AB75AAD25A0D854002ECCD0 /* PBXContainerItemProxy */;
		};
		4AB75AB925A0D854002ECCD0 /* PBXTargetDependency */ = {
			isa = PBXTargetDependency;
			target = 4AB75AA325A0D854002ECCD0 /* Landmarks (macOS) */;
			targetProxy = 4AB75AB825A0D854002ECCD0 /* PBXContainerItemProxy */;
		};
/* End PBXTargetDependency section */

/* Begin XCBuildConfiguration section */
		4AB75AC425A0D854002ECCD0 /* Debug */ = {
			isa = XCBuildConfiguration;
			buildSettings = {
				ALWAYS_SEARCH_USER_PATHS = NO;
				CLANG_ANALYZER_NONNULL = YES;
				CLANG_ANALYZER_NUMBER_OBJECT_CONVERSION = YES_AGGRESSIVE;
				CLANG_CXX_LANGUAGE_STANDARD = "gnu++14";
				CLANG_CXX_LIBRARY = "libc++";
				CLANG_ENABLE_MODULES = YES;
				CLANG_ENABLE_OBJC_ARC = YES;
				CLANG_ENABLE_OBJC_WEAK = YES;
				CLANG_WARN_BLOCK_CAPTURE_AUTORELEASING = YES;
				CLANG_WARN_BOOL_CONVERSION = YES;
				CLANG_WARN_COMMA = YES;
				CLANG_WARN_CONSTANT_CONVERSION = YES;
				CLANG_WARN_DEPRECATED_OBJC_IMPLEMENTATIONS = YES;
				CLANG_WARN_DIRECT_OBJC_ISA_USAGE = YES_ERROR;
				CLANG_WARN_DOCUMENTATION_COMMENTS = YES;
				CLANG_WARN_EMPTY_BODY = YES;
				CLANG_WARN_ENUM_CONVERSION = YES;
				CLANG_WARN_INFINITE_RECURSION = YES;
				CLANG_WARN_INT_CONVERSION = YES;
				CLANG_WARN_NON_LITERAL_NULL_CONVERSION = YES;
				CLANG_WARN_OBJC_IMPLICIT_RETAIN_SELF = YES;
				CLANG_WARN_OBJC_LITERAL_CONVERSION = YES;
				CLANG_WARN_OBJC_ROOT_CLASS = YES_ERROR;
				CLANG_WARN_QUOTED_INCLUDE_IN_FRAMEWORK_HEADER = YES;
				CLANG_WARN_RANGE_LOOP_ANALYSIS = YES;
				CLANG_WARN_STRICT_PROTOTYPES = YES;
				CLANG_WARN_SUSPICIOUS_MOVE = YES;
				CLANG_WARN_UNGUARDED_AVAILABILITY = YES_AGGRESSIVE;
				CLANG_WARN_UNREACHABLE_CODE = YES;
				CLANG_WARN__DUPLICATE_METHOD_MATCH = YES;
				COPY_PHASE_STRIP = NO;
				DEBUG_INFORMATION_FORMAT = dwarf;
				ENABLE_STRICT_OBJC_MSGSEND = YES;
				ENABLE_TESTABILITY = YES;
				GCC_C_LANGUAGE_STANDARD = gnu11;
				GCC_DYNAMIC_NO_PIC = NO;
				GCC_NO_COMMON_BLOCKS = YES;
				GCC_OPTIMIZATION_LEVEL = 0;
				GCC_PREPROCESSOR_DEFINITIONS = (
					"DEBUG=1",
					"$(inherited)",
				);
				GCC_WARN_64_TO_32_BIT_CONVERSION = YES;
				GCC_WARN_ABOUT_RETURN_TYPE = YES_ERROR;
				GCC_WARN_UNDECLARED_SELECTOR = YES;
				GCC_WARN_UNINITIALIZED_AUTOS = YES_AGGRESSIVE;
				GCC_WARN_UNUSED_FUNCTION = YES;
				GCC_WARN_UNUSED_VARIABLE = YES;
				MTL_ENABLE_DEBUG_INFO = INCLUDE_SOURCE;
				MTL_FAST_MATH = YES;
				ONLY_ACTIVE_ARCH = YES;
				SWIFT_ACTIVE_COMPILATION_CONDITIONS = DEBUG;
				SWIFT_OPTIMIZATION_LEVEL = "-Onone";
			};
			name = Debug;
		};
		4AB75AC525A0D854002ECCD0 /* Release */ = {
			isa = XCBuildConfiguration;
			buildSettings = {
				ALWAYS_SEARCH_USER_PATHS = NO;
				CLANG_ANALYZER_NONNULL = YES;
				CLANG_ANALYZER_NUMBER_OBJECT_CONVERSION = YES_AGGRESSIVE;
				CLANG_CXX_LANGUAGE_STANDARD = "gnu++14";
				CLANG_CXX_LIBRARY = "libc++";
				CLANG_ENABLE_MODULES = YES;
				CLANG_ENABLE_OBJC_ARC = YES;
				CLANG_ENABLE_OBJC_WEAK = YES;
				CLANG_WARN_BLOCK_CAPTURE_AUTORELEASING = YES;
				CLANG_WARN_BOOL_CONVERSION = YES;
				CLANG_WARN_COMMA = YES;
				CLANG_WARN_CONSTANT_CONVERSION = YES;
				CLANG_WARN_DEPRECATED_OBJC_IMPLEMENTATIONS = YES;
				CLANG_WARN_DIRECT_OBJC_ISA_USAGE = YES_ERROR;
				CLANG_WARN_DOCUMENTATION_COMMENTS = YES;
				CLANG_WARN_EMPTY_BODY = YES;
				CLANG_WARN_ENUM_CONVERSION = YES;
				CLANG_WARN_INFINITE_RECURSION = YES;
				CLANG_WARN_INT_CONVERSION = YES;
				CLANG_WARN_NON_LITERAL_NULL_CONVERSION = YES;
				CLANG_WARN_OBJC_IMPLICIT_RETAIN_SELF = YES;
				CLANG_WARN_OBJC_LITERAL_CONVERSION = YES;
				CLANG_WARN_OBJC_ROOT_CLASS = YES_ERROR;
				CLANG_WARN_QUOTED_INCLUDE_IN_FRAMEWORK_HEADER = YES;
				CLANG_WARN_RANGE_LOOP_ANALYSIS = YES;
				CLANG_WARN_STRICT_PROTOTYPES = YES;
				CLANG_WARN_SUSPICIOUS_MOVE = YES;
				CLANG_WARN_UNGUARDED_AVAILABILITY = YES_AGGRESSIVE;
				CLANG_WARN_UNREACHABLE_CODE = YES;
				CLANG_WARN__DUPLICATE_METHOD_MATCH = YES;
				COPY_PHASE_STRIP = NO;
				DEBUG_INFORMATION_FORMAT = "dwarf-with-dsym";
				ENABLE_NS_ASSERTIONS = NO;
				ENABLE_STRICT_OBJC_MSGSEND = YES;
				GCC_C_LANGUAGE_STANDARD = gnu11;
				GCC_NO_COMMON_BLOCKS = YES;
				GCC_WARN_64_TO_32_BIT_CONVERSION = YES;
				GCC_WARN_ABOUT_RETURN_TYPE = YES_ERROR;
				GCC_WARN_UNDECLARED_SELECTOR = YES;
				GCC_WARN_UNINITIALIZED_AUTOS = YES_AGGRESSIVE;
				GCC_WARN_UNUSED_FUNCTION = YES;
				GCC_WARN_UNUSED_VARIABLE = YES;
				MTL_ENABLE_DEBUG_INFO = NO;
				MTL_FAST_MATH = YES;
				SWIFT_COMPILATION_MODE = wholemodule;
				SWIFT_OPTIMIZATION_LEVEL = "-O";
			};
			name = Release;
		};
		4AB75AC725A0D854002ECCD0 /* Debug */ = {
			isa = XCBuildConfiguration;
			buildSettings = {
				ASSETCATALOG_COMPILER_APPICON_NAME = AppIcon;
				ASSETCATALOG_COMPILER_GLOBAL_ACCENT_COLOR_NAME = AccentColor;
				CODE_SIGN_STYLE = Automatic;
				DEVELOPMENT_TEAM = 5UJ9EQRTX9;
				ENABLE_PREVIEWS = YES;
				INFOPLIST_FILE = iOS/Info.plist;
				IPHONEOS_DEPLOYMENT_TARGET = 14.0;
				LD_RUNPATH_SEARCH_PATHS = (
					"$(inherited)",
					"@executable_path/Frameworks",
				);
				PRODUCT_BUNDLE_IDENTIFIER = tech.phils.Landmarks;
				PRODUCT_NAME = Landmarks;
				SDKROOT = iphoneos;
				SWIFT_VERSION = 5.0;
				TARGETED_DEVICE_FAMILY = "1,2";
			};
			name = Debug;
		};
		4AB75AC825A0D854002ECCD0 /* Release */ = {
			isa = XCBuildConfiguration;
			buildSettings = {
				ASSETCATALOG_COMPILER_APPICON_NAME = AppIcon;
				ASSETCATALOG_COMPILER_GLOBAL_ACCENT_COLOR_NAME = AccentColor;
				CODE_SIGN_STYLE = Automatic;
				DEVELOPMENT_TEAM = 5UJ9EQRTX9;
				ENABLE_PREVIEWS = YES;
				INFOPLIST_FILE = iOS/Info.plist;
				IPHONEOS_DEPLOYMENT_TARGET = 14.0;
				LD_RUNPATH_SEARCH_PATHS = (
					"$(inherited)",
					"@executable_path/Frameworks",
				);
				PRODUCT_BUNDLE_IDENTIFIER = tech.phils.Landmarks;
				PRODUCT_NAME = Landmarks;
				SDKROOT = iphoneos;
				SWIFT_VERSION = 5.0;
				TARGETED_DEVICE_FAMILY = "1,2";
				VALIDATE_PRODUCT = YES;
			};
			name = Release;
		};
		4AB75ACA25A0D854002ECCD0 /* Debug */ = {
			isa = XCBuildConfiguration;
			buildSettings = {
				ASSETCATALOG_COMPILER_APPICON_NAME = AppIcon;
				ASSETCATALOG_COMPILER_GLOBAL_ACCENT_COLOR_NAME = AccentColor;
				CODE_SIGN_ENTITLEMENTS = macOS/macOS.entitlements;
				CODE_SIGN_STYLE = Automatic;
				COMBINE_HIDPI_IMAGES = YES;
				DEVELOPMENT_TEAM = 5UJ9EQRTX9;
				ENABLE_HARDENED_RUNTIME = YES;
				ENABLE_PREVIEWS = YES;
				INFOPLIST_FILE = macOS/Info.plist;
				LD_RUNPATH_SEARCH_PATHS = (
					"$(inherited)",
					"@executable_path/../Frameworks",
				);
				MACOSX_DEPLOYMENT_TARGET = 11.0;
				PRODUCT_BUNDLE_IDENTIFIER = tech.phils.Landmarks;
				PRODUCT_NAME = Landmarks;
				SDKROOT = macosx;
				SWIFT_VERSION = 5.0;
			};
			name = Debug;
		};
		4AB75ACB25A0D854002ECCD0 /* Release */ = {
			isa = XCBuildConfiguration;
			buildSettings = {
				ASSETCATALOG_COMPILER_APPICON_NAME = AppIcon;
				ASSETCATALOG_COMPILER_GLOBAL_ACCENT_COLOR_NAME = AccentColor;
				CODE_SIGN_ENTITLEMENTS = macOS/macOS.entitlements;
				CODE_SIGN_STYLE = Automatic;
				COMBINE_HIDPI_IMAGES = YES;
				DEVELOPMENT_TEAM = 5UJ9EQRTX9;
				ENABLE_HARDENED_RUNTIME = YES;
				ENABLE_PREVIEWS = YES;
				INFOPLIST_FILE = macOS/Info.plist;
				LD_RUNPATH_SEARCH_PATHS = (
					"$(inherited)",
					"@executable_path/../Frameworks",
				);
				MACOSX_DEPLOYMENT_TARGET = 11.0;
				PRODUCT_BUNDLE_IDENTIFIER = tech.phils.Landmarks;
				PRODUCT_NAME = Landmarks;
				SDKROOT = macosx;
				SWIFT_VERSION = 5.0;
			};
			name = Release;
		};
		4AB75ACD25A0D854002ECCD0 /* Debug */ = {
			isa = XCBuildConfiguration;
			buildSettings = {
				ALWAYS_EMBED_SWIFT_STANDARD_LIBRARIES = YES;
				CODE_SIGN_STYLE = Automatic;
				DEVELOPMENT_TEAM = 5UJ9EQRTX9;
				INFOPLIST_FILE = "Tests iOS/Info.plist";
				IPHONEOS_DEPLOYMENT_TARGET = 14.3;
				LD_RUNPATH_SEARCH_PATHS = (
					"$(inherited)",
					"@executable_path/Frameworks",
					"@loader_path/Frameworks",
				);
				PRODUCT_BUNDLE_IDENTIFIER = "tech.phils.Tests-iOS";
				PRODUCT_NAME = "$(TARGET_NAME)";
				SDKROOT = iphoneos;
				SWIFT_VERSION = 5.0;
				TARGETED_DEVICE_FAMILY = "1,2";
				TEST_TARGET_NAME = "Landmarks (iOS)";
			};
			name = Debug;
		};
		4AB75ACE25A0D854002ECCD0 /* Release */ = {
			isa = XCBuildConfiguration;
			buildSettings = {
				ALWAYS_EMBED_SWIFT_STANDARD_LIBRARIES = YES;
				CODE_SIGN_STYLE = Automatic;
				DEVELOPMENT_TEAM = 5UJ9EQRTX9;
				INFOPLIST_FILE = "Tests iOS/Info.plist";
				IPHONEOS_DEPLOYMENT_TARGET = 14.3;
				LD_RUNPATH_SEARCH_PATHS = (
					"$(inherited)",
					"@executable_path/Frameworks",
					"@loader_path/Frameworks",
				);
				PRODUCT_BUNDLE_IDENTIFIER = "tech.phils.Tests-iOS";
				PRODUCT_NAME = "$(TARGET_NAME)";
				SDKROOT = iphoneos;
				SWIFT_VERSION = 5.0;
				TARGETED_DEVICE_FAMILY = "1,2";
				TEST_TARGET_NAME = "Landmarks (iOS)";
				VALIDATE_PRODUCT = YES;
			};
			name = Release;
		};
		4AB75AD025A0D854002ECCD0 /* Debug */ = {
			isa = XCBuildConfiguration;
			buildSettings = {
				ALWAYS_EMBED_SWIFT_STANDARD_LIBRARIES = YES;
				CODE_SIGN_STYLE = Automatic;
				COMBINE_HIDPI_IMAGES = YES;
				DEVELOPMENT_TEAM = 5UJ9EQRTX9;
				INFOPLIST_FILE = "Tests macOS/Info.plist";
				LD_RUNPATH_SEARCH_PATHS = (
					"$(inherited)",
					"@executable_path/../Frameworks",
					"@loader_path/../Frameworks",
				);
				MACOSX_DEPLOYMENT_TARGET = 11.1;
				PRODUCT_BUNDLE_IDENTIFIER = "tech.phils.Tests-macOS";
				PRODUCT_NAME = "$(TARGET_NAME)";
				SDKROOT = macosx;
				SWIFT_VERSION = 5.0;
				TEST_TARGET_NAME = "Landmarks (macOS)";
			};
			name = Debug;
		};
		4AB75AD125A0D854002ECCD0 /* Release */ = {
			isa = XCBuildConfiguration;
			buildSettings = {
				ALWAYS_EMBED_SWIFT_STANDARD_LIBRARIES = YES;
				CODE_SIGN_STYLE = Automatic;
				COMBINE_HIDPI_IMAGES = YES;
				DEVELOPMENT_TEAM = 5UJ9EQRTX9;
				INFOPLIST_FILE = "Tests macOS/Info.plist";
				LD_RUNPATH_SEARCH_PATHS = (
					"$(inherited)",
					"@executable_path/../Frameworks",
					"@loader_path/../Frameworks",
				);
				MACOSX_DEPLOYMENT_TARGET = 11.1;
				PRODUCT_BUNDLE_IDENTIFIER = "tech.phils.Tests-macOS";
				PRODUCT_NAME = "$(TARGET_NAME)";
				SDKROOT = macosx;
				SWIFT_VERSION = 5.0;
				TEST_TARGET_NAME = "Landmarks (macOS)";
			};
			name = Release;
		};
/* End XCBuildConfiguration section */

/* Begin XCConfigurationList section */
		4AB75A9325A0D853002ECCD0 /* Build configuration list for PBXProject "Landmarks" */ = {
			isa = XCConfigurationList;
			buildConfigurations = (
				4AB75AC425A0D854002ECCD0 /* Debug */,
				4AB75AC525A0D854002ECCD0 /* Release */,
			);
			defaultConfigurationIsVisible = 0;
			defaultConfigurationName = Release;
		};
		4AB75AC625A0D854002ECCD0 /* Build configuration list for PBXNativeTarget "Landmarks (iOS)" */ = {
			isa = XCConfigurationList;
			buildConfigurations = (
				4AB75AC725A0D854002ECCD0 /* Debug */,
				4AB75AC825A0D854002ECCD0 /* Release */,
			);
			defaultConfigurationIsVisible = 0;
			defaultConfigurationName = Release;
		};
		4AB75AC925A0D854002ECCD0 /* Build configuration list for PBXNativeTarget "Landmarks (macOS)" */ = {
			isa = XCConfigurationList;
			buildConfigurations = (
				4AB75ACA25A0D854002ECCD0 /* Debug */,
				4AB75ACB25A0D854002ECCD0 /* Release */,
			);
			defaultConfigurationIsVisible = 0;
			defaultConfigurationName = Release;
		};
		4AB75ACC25A0D854002ECCD0 /* Build configuration list for PBXNativeTarget "Tests iOS" */ = {
			isa = XCConfigurationList;
			buildConfigurations = (
				4AB75ACD25A0D854002ECCD0 /* Debug */,
				4AB75ACE25A0D854002ECCD0 /* Release */,
			);
			defaultConfigurationIsVisible = 0;
			defaultConfigurationName = Release;
		};
		4AB75ACF25A0D854002ECCD0 /* Build configuration list for PBXNativeTarget "Tests macOS" */ = {
			isa = XCConfigurationList;
			buildConfigurations = (
				4AB75AD025A0D854002ECCD0 /* Debug */,
				4AB75AD125A0D854002ECCD0 /* Release */,
			);
			defaultConfigurationIsVisible = 0;
			defaultConfigurationName = Release;
		};
/* End XCConfigurationList section */
	};
	rootObject = 4AB75A9025A0D853002ECCD0 /* Project object */;
}
