// !$*UTF8*$!
{
	archiveVersion = 1;
	classes = {
	};
	objectVersion = 50;
	objects = {

/* Begin PBXBuildFile section */
		4631B75E2364C8510058A8D7 /* charleyrivers.jpg in Resources */ = {isa = PBXBuildFile; fileRef = 4631B75D2364C8510058A8D7 /* charleyrivers.jpg */; };
		4640689D2363C65D00C7EAAF /* UserData.swift in Sources */ = {isa = PBXBuildFile; fileRef = 4640689C2363C65D00C7EAAF /* UserData.swift */; };
		464590562364CEFB00F4CD34 /* BadgeBackground.swift in Sources */ = {isa = PBXBuildFile; fileRef = 464590552364CEFB00F4CD34 /* BadgeBackground.swift */; };
		464590582364CF5A00F4CD34 /* HexagonParameters.swift in Sources */ = {isa = PBXBuildFile; fileRef = 464590572364CF5A00F4CD34 /* HexagonParameters.swift */; };
		46504FA42364FA1B00D49EC5 /* Home.swift in Sources */ = {isa = PBXBuildFile; fileRef = 46504FA32364FA1A00D49EC5 /* Home.swift */; };
		46504FA62364FD5F00D49EC5 /* CategoryRow.swift in Sources */ = {isa = PBXBuildFile; fileRef = 46504FA52364FD5F00D49EC5 /* CategoryRow.swift */; };
		46504FA82364FF0D00D49EC5 /* CategoryItem.swift in Sources */ = {isa = PBXBuildFile; fileRef = 46504FA72364FF0D00D49EC5 /* CategoryItem.swift */; };
		467D82B02367A6C600B739E3 /* ProfileHost.swift in Sources */ = {isa = PBXBuildFile; fileRef = 467D82AF2367A6C600B739E3 /* ProfileHost.swift */; };
		467D82B22367A7F100B739E3 /* Profile.swift in Sources */ = {isa = PBXBuildFile; fileRef = 467D82B12367A7F100B739E3 /* Profile.swift */; };
		467D82B42367A86400B739E3 /* ProfileSummary.swift in Sources */ = {isa = PBXBuildFile; fileRef = 467D82B32367A86400B739E3 /* ProfileSummary.swift */; };
		467D82B62367A9A600B739E3 /* HikeBadge.swift in Sources */ = {isa = PBXBuildFile; fileRef = 467D82B52367A9A600B739E3 /* HikeBadge.swift */; };
		467D82B82367AF5000B739E3 /* ProfileEditor.swift in Sources */ = {isa = PBXBuildFile; fileRef = 467D82B72367AF5000B739E3 /* ProfileEditor.swift */; };
		4685B9F42364E34D000A49A5 /* RotatedBadgeSymbol.swift in Sources */ = {isa = PBXBuildFile; fileRef = 4685B9F32364E34D000A49A5 /* RotatedBadgeSymbol.swift */; };
		4685B9F62364E813000A49A5 /* HikeGraph.swift in Sources */ = {isa = PBXBuildFile; fileRef = 4685B9F52364E813000A49A5 /* HikeGraph.swift */; };
		4685B9F82364E83B000A49A5 /* HIke.swift in Sources */ = {isa = PBXBuildFile; fileRef = 4685B9F72364E83B000A49A5 /* HIke.swift */; };
		4685B9FA2364E878000A49A5 /* hikeData.json in Resources */ = {isa = PBXBuildFile; fileRef = 4685B9F92364E878000A49A5 /* hikeData.json */; };
		4685B9FC2364E88D000A49A5 /* GraphCapsule.swift in Sources */ = {isa = PBXBuildFile; fileRef = 4685B9FB2364E88D000A49A5 /* GraphCapsule.swift */; };
		4685B9FE2364E90E000A49A5 /* HikeView.swift in Sources */ = {isa = PBXBuildFile; fileRef = 4685B9FD2364E90E000A49A5 /* HikeView.swift */; };
		4685BA002364E92E000A49A5 /* HikeDetail.swift in Sources */ = {isa = PBXBuildFile; fileRef = 4685B9FF2364E92E000A49A5 /* HikeDetail.swift */; };
		46A4830523639AFE00410B93 /* CircleImage.swift in Sources */ = {isa = PBXBuildFile; fileRef = 46A4830423639AFE00410B93 /* CircleImage.swift */; };
		46A4830723639D6A00410B93 /* MapView.swift in Sources */ = {isa = PBXBuildFile; fileRef = 46A4830623639D6A00410B93 /* MapView.swift */; };
		46A4830D2363A42000410B93 /* Landmark.swift in Sources */ = {isa = PBXBuildFile; fileRef = 46A4830C2363A42000410B93 /* Landmark.swift */; };
		46A4831C2363A45800410B93 /* turtlerock.jpg in Resources */ = {isa = PBXBuildFile; fileRef = 46A4830F2363A45800410B93 /* turtlerock.jpg */; };
		46A4831D2363A45800410B93 /* silversalmoncreek.jpg in Resources */ = {isa = PBXBuildFile; fileRef = 46A483102363A45800410B93 /* silversalmoncreek.jpg */; };
		46A4831E2363A45800410B93 /* icybay.jpg in Resources */ = {isa = PBXBuildFile; fileRef = 46A483112363A45800410B93 /* icybay.jpg */; };
		46A4831F2363A45800410B93 /* lakemcdonald.jpg in Resources */ = {isa = PBXBuildFile; fileRef = 46A483122363A45800410B93 /* lakemcdonald.jpg */; };
		46A483202363A45800410B93 /* hiddenlake.jpg in Resources */ = {isa = PBXBuildFile; fileRef = 46A483132363A45800410B93 /* hiddenlake.jpg */; };
		46A483212363A45800410B93 /* twinlake.jpg in Resources */ = {isa = PBXBuildFile; fileRef = 46A483142363A45800410B93 /* twinlake.jpg */; };
		46A483222363A45800410B93 /* umbagog.jpg in Resources */ = {isa = PBXBuildFile; fileRef = 46A483152363A45800410B93 /* umbagog.jpg */; };
		46A483232363A45800410B93 /* landmarkData.json in Resources */ = {isa = PBXBuildFile; fileRef = 46A483162363A45800410B93 /* landmarkData.json */; };
		46A483242363A45800410B93 /* chincoteague.jpg in Resources */ = {isa = PBXBuildFile; fileRef = 46A483172363A45800410B93 /* chincoteague.jpg */; };
		46A483252363A45800410B93 /* yukon_charleyrivers.jpg in Resources */ = {isa = PBXBuildFile; fileRef = 46A483182363A45800410B93 /* yukon_charleyrivers.jpg */; };
		46A483262363A45800410B93 /* stmarylake.jpg in Resources */ = {isa = PBXBuildFile; fileRef = 46A483192363A45800410B93 /* stmarylake.jpg */; };
		46A483272363A45800410B93 /* chilkoottrail.jpg in Resources */ = {isa = PBXBuildFile; fileRef = 46A4831A2363A45800410B93 /* chilkoottrail.jpg */; };
		46A483282363A45800410B93 /* rainbowlake.jpg in Resources */ = {isa = PBXBuildFile; fileRef = 46A4831B2363A45800410B93 /* rainbowlake.jpg */; };
		46A4832A2363A47A00410B93 /* Data.swift in Sources */ = {isa = PBXBuildFile; fileRef = 46A483292363A47A00410B93 /* Data.swift */; };
		46A4832C2363A66300410B93 /* LandmarkRow.swift in Sources */ = {isa = PBXBuildFile; fileRef = 46A4832B2363A66300410B93 /* LandmarkRow.swift */; };
		46A4832E2363A87000410B93 /* LandmarkList.swift in Sources */ = {isa = PBXBuildFile; fileRef = 46A4832D2363A87000410B93 /* LandmarkList.swift */; };
		46B7C7C4235A38D700FD1CF8 /* AppDelegate.swift in Sources */ = {isa = PBXBuildFile; fileRef = 46B7C7C3235A38D700FD1CF8 /* AppDelegate.swift */; };
		46B7C7C6235A38D700FD1CF8 /* SceneDelegate.swift in Sources */ = {isa = PBXBuildFile; fileRef = 46B7C7C5235A38D700FD1CF8 /* SceneDelegate.swift */; };
		46B7C7C8235A38D700FD1CF8 /* LandmarkDetail.swift in Sources */ = {isa = PBXBuildFile; fileRef = 46B7C7C7235A38D700FD1CF8 /* LandmarkDetail.swift */; };
		46B7C7CA235A38DA00FD1CF8 /* Assets.xcassets in Resources */ = {isa = PBXBuildFile; fileRef = 46B7C7C9235A38DA00FD1CF8 /* Assets.xcassets */; };
		46B7C7CD235A38DA00FD1CF8 /* Preview Assets.xcassets in Resources */ = {isa = PBXBuildFile; fileRef = 46B7C7CC235A38DA00FD1CF8 /* Preview Assets.xcassets */; };
		46B7C7D0235A38DA00FD1CF8 /* LaunchScreen.storyboard in Resources */ = {isa = PBXBuildFile; fileRef = 46B7C7CE235A38DA00FD1CF8 /* LaunchScreen.storyboard */; };
		46B7C7DB235A38DA00FD1CF8 /* LandmarksTests.swift in Sources */ = {isa = PBXBuildFile; fileRef = 46B7C7DA235A38DA00FD1CF8 /* LandmarksTests.swift */; };
		46B7C7E6235A38DA00FD1CF8 /* LandmarksUITests.swift in Sources */ = {isa = PBXBuildFile; fileRef = 46B7C7E5235A38DA00FD1CF8 /* LandmarksUITests.swift */; };
		46C7F0C82364E017008DB140 /* Badge.swift in Sources */ = {isa = PBXBuildFile; fileRef = 46C7F0C72364E017008DB140 /* Badge.swift */; };
		46C7F0CA2364E07D008DB140 /* BadgeSymbol.swift in Sources */ = {isa = PBXBuildFile; fileRef = 46C7F0C92364E07D008DB140 /* BadgeSymbol.swift */; };
/* End PBXBuildFile section */

/* Begin PBXContainerItemProxy section */
		46B7C7D7235A38DA00FD1CF8 /* PBXContainerItemProxy */ = {
			isa = PBXContainerItemProxy;
			containerPortal = 46B7C7B8235A38D700FD1CF8 /* Project object */;
			proxyType = 1;
			remoteGlobalIDString = 46B7C7BF235A38D700FD1CF8;
			remoteInfo = Landmarks;
		};
		46B7C7E2235A38DA00FD1CF8 /* PBXContainerItemProxy */ = {
			isa = PBXContainerItemProxy;
			containerPortal = 46B7C7B8235A38D700FD1CF8 /* Project object */;
			proxyType = 1;
			remoteGlobalIDString = 46B7C7BF235A38D700FD1CF8;
			remoteInfo = Landmarks;
		};
/* End PBXContainerItemProxy section */

/* Begin PBXFileReference section */
		4631B75D2364C8510058A8D7 /* charleyrivers.jpg */ = {isa = PBXFileReference; lastKnownFileType = image.jpeg; path = charleyrivers.jpg; sourceTree = "<group>"; };
		4640689C2363C65D00C7EAAF /* UserData.swift */ = {isa = PBXFileReference; lastKnownFileType = sourcecode.swift; path = UserData.swift; sourceTree = "<group>"; };
		464590552364CEFB00F4CD34 /* BadgeBackground.swift */ = {isa = PBXFileReference; lastKnownFileType = sourcecode.swift; path = BadgeBackground.swift; sourceTree = "<group>"; };
		464590572364CF5A00F4CD34 /* HexagonParameters.swift */ = {isa = PBXFileReference; lastKnownFileType = sourcecode.swift; path = HexagonParameters.swift; sourceTree = "<group>"; };
		46504FA32364FA1A00D49EC5 /* Home.swift */ = {isa = PBXFileReference; lastKnownFileType = sourcecode.swift; path = Home.swift; sourceTree = "<group>"; };
		46504FA52364FD5F00D49EC5 /* CategoryRow.swift */ = {isa = PBXFileReference; lastKnownFileType = sourcecode.swift; path = CategoryRow.swift; sourceTree = "<group>"; };
		46504FA72364FF0D00D49EC5 /* CategoryItem.swift */ = {isa = PBXFileReference; lastKnownFileType = sourcecode.swift; path = CategoryItem.swift; sourceTree = "<group>"; };
		467D82AF2367A6C600B739E3 /* ProfileHost.swift */ = {isa = PBXFileReference; lastKnownFileType = sourcecode.swift; path = ProfileHost.swift; sourceTree = "<group>"; };
		467D82B12367A7F100B739E3 /* Profile.swift */ = {isa = PBXFileReference; lastKnownFileType = sourcecode.swift; path = Profile.swift; sourceTree = "<group>"; };
		467D82B32367A86400B739E3 /* ProfileSummary.swift */ = {isa = PBXFileReference; lastKnownFileType = sourcecode.swift; path = ProfileSummary.swift; sourceTree = "<group>"; };
		467D82B52367A9A600B739E3 /* HikeBadge.swift */ = {isa = PBXFileReference; lastKnownFileType = sourcecode.swift; path = HikeBadge.swift; sourceTree = "<group>"; };
		467D82B72367AF5000B739E3 /* ProfileEditor.swift */ = {isa = PBXFileReference; lastKnownFileType = sourcecode.swift; path = ProfileEditor.swift; sourceTree = "<group>"; };
		4685B9F32364E34D000A49A5 /* RotatedBadgeSymbol.swift */ = {isa = PBXFileReference; lastKnownFileType = sourcecode.swift; path = RotatedBadgeSymbol.swift; sourceTree = "<group>"; };
		4685B9F52364E813000A49A5 /* HikeGraph.swift */ = {isa = PBXFileReference; lastKnownFileType = sourcecode.swift; path = HikeGraph.swift; sourceTree = "<group>"; };
		4685B9F72364E83B000A49A5 /* HIke.swift */ = {isa = PBXFileReference; lastKnownFileType = sourcecode.swift; path = HIke.swift; sourceTree = "<group>"; };
		4685B9F92364E878000A49A5 /* hikeData.json */ = {isa = PBXFileReference; fileEncoding = 4; lastKnownFileType = text.json; path = hikeData.json; sourceTree = "<group>"; };
		4685B9FB2364E88D000A49A5 /* GraphCapsule.swift */ = {isa = PBXFileReference; lastKnownFileType = sourcecode.swift; path = GraphCapsule.swift; sourceTree = "<group>"; };
		4685B9FD2364E90E000A49A5 /* HikeView.swift */ = {isa = PBXFileReference; lastKnownFileType = sourcecode.swift; path = HikeView.swift; sourceTree = "<group>"; };
		4685B9FF2364E92E000A49A5 /* HikeDetail.swift */ = {isa = PBXFileReference; lastKnownFileType = sourcecode.swift; path = HikeDetail.swift; sourceTree = "<group>"; };
		46A4830423639AFE00410B93 /* CircleImage.swift */ = {isa = PBXFileReference; lastKnownFileType = sourcecode.swift; path = CircleImage.swift; sourceTree = "<group>"; };
		46A4830623639D6A00410B93 /* MapView.swift */ = {isa = PBXFileReference; lastKnownFileType = sourcecode.swift; path = MapView.swift; sourceTree = "<group>"; };
		46A4830C2363A42000410B93 /* Landmark.swift */ = {isa = PBXFileReference; fileEncoding = 4; lastKnownFileType = sourcecode.swift; path = Landmark.swift; sourceTree = "<group>"; };
		46A4830F2363A45800410B93 /* turtlerock.jpg */ = {isa = PBXFileReference; lastKnownFileType = image.jpeg; path = turtlerock.jpg; sourceTree = "<group>"; };
		46A483102363A45800410B93 /* silversalmoncreek.jpg */ = {isa = PBXFileReference; lastKnownFileType = image.jpeg; path = silversalmoncreek.jpg; sourceTree = "<group>"; };
		46A483112363A45800410B93 /* icybay.jpg */ = {isa = PBXFileReference; lastKnownFileType = image.jpeg; path = icybay.jpg; sourceTree = "<group>"; };
		46A483122363A45800410B93 /* lakemcdonald.jpg */ = {isa = PBXFileReference; lastKnownFileType = image.jpeg; path = lakemcdonald.jpg; sourceTree = "<group>"; };
		46A483132363A45800410B93 /* hiddenlake.jpg */ = {isa = PBXFileReference; lastKnownFileType = image.jpeg; path = hiddenlake.jpg; sourceTree = "<group>"; };
		46A483142363A45800410B93 /* twinlake.jpg */ = {isa = PBXFileReference; lastKnownFileType = image.jpeg; path = twinlake.jpg; sourceTree = "<group>"; };
		46A483152363A45800410B93 /* umbagog.jpg */ = {isa = PBXFileReference; lastKnownFileType = image.jpeg; path = umbagog.jpg; sourceTree = "<group>"; };
		46A483162363A45800410B93 /* landmarkData.json */ = {isa = PBXFileReference; fileEncoding = 4; lastKnownFileType = text.json; path = landmarkData.json; sourceTree = "<group>"; };
		46A483172363A45800410B93 /* chincoteague.jpg */ = {isa = PBXFileReference; lastKnownFileType = image.jpeg; path = chincoteague.jpg; sourceTree = "<group>"; };
		46A483182363A45800410B93 /* yukon_charleyrivers.jpg */ = {isa = PBXFileReference; lastKnownFileType = image.jpeg; path = yukon_charleyrivers.jpg; sourceTree = "<group>"; };
		46A483192363A45800410B93 /* stmarylake.jpg */ = {isa = PBXFileReference; lastKnownFileType = image.jpeg; path = stmarylake.jpg; sourceTree = "<group>"; };
		46A4831A2363A45800410B93 /* chilkoottrail.jpg */ = {isa = PBXFileReference; lastKnownFileType = image.jpeg; path = chilkoottrail.jpg; sourceTree = "<group>"; };
		46A4831B2363A45800410B93 /* rainbowlake.jpg */ = {isa = PBXFileReference; lastKnownFileType = image.jpeg; path = rainbowlake.jpg; sourceTree = "<group>"; };
		46A483292363A47A00410B93 /* Data.swift */ = {isa = PBXFileReference; fileEncoding = 4; lastKnownFileType = sourcecode.swift; path = Data.swift; sourceTree = "<group>"; };
		46A4832B2363A66300410B93 /* LandmarkRow.swift */ = {isa = PBXFileReference; lastKnownFileType = sourcecode.swift; path = LandmarkRow.swift; sourceTree = "<group>"; };
		46A4832D2363A87000410B93 /* LandmarkList.swift */ = {isa = PBXFileReference; lastKnownFileType = sourcecode.swift; path = LandmarkList.swift; sourceTree = "<group>"; };
		46B7C7C0235A38D700FD1CF8 /* Landmarks.app */ = {isa = PBXFileReference; explicitFileType = wrapper.application; includeInIndex = 0; path = Landmarks.app; sourceTree = BUILT_PRODUCTS_DIR; };
		46B7C7C3235A38D700FD1CF8 /* AppDelegate.swift */ = {isa = PBXFileReference; lastKnownFileType = sourcecode.swift; path = AppDelegate.swift; sourceTree = "<group>"; };
		46B7C7C5235A38D700FD1CF8 /* SceneDelegate.swift */ = {isa = PBXFileReference; lastKnownFileType = sourcecode.swift; path = SceneDelegate.swift; sourceTree = "<group>"; };
		46B7C7C7235A38D700FD1CF8 /* LandmarkDetail.swift */ = {isa = PBXFileReference; lastKnownFileType = sourcecode.swift; path = LandmarkDetail.swift; sourceTree = "<group>"; };
		46B7C7C9235A38DA00FD1CF8 /* Assets.xcassets */ = {isa = PBXFileReference; lastKnownFileType = folder.assetcatalog; path = Assets.xcassets; sourceTree = "<group>"; };
		46B7C7CC235A38DA00FD1CF8 /* Preview Assets.xcassets */ = {isa = PBXFileReference; lastKnownFileType = folder.assetcatalog; path = "Preview Assets.xcassets"; sourceTree = "<group>"; };
		46B7C7CF235A38DA00FD1CF8 /* Base */ = {isa = PBXFileReference; lastKnownFileType = file.storyboard; name = Base; path = Base.lproj/LaunchScreen.storyboard; sourceTree = "<group>"; };
		46B7C7D1235A38DA00FD1CF8 /* Info.plist */ = {isa = PBXFileReference; lastKnownFileType = text.plist.xml; path = Info.plist; sourceTree = "<group>"; };
		46B7C7D6235A38DA00FD1CF8 /* LandmarksTests.xctest */ = {isa = PBXFileReference; explicitFileType = wrapper.cfbundle; includeInIndex = 0; path = LandmarksTests.xctest; sourceTree = BUILT_PRODUCTS_DIR; };
		46B7C7DA235A38DA00FD1CF8 /* LandmarksTests.swift */ = {isa = PBXFileReference; lastKnownFileType = sourcecode.swift; path = LandmarksTests.swift; sourceTree = "<group>"; };
		46B7C7DC235A38DA00FD1CF8 /* Info.plist */ = {isa = PBXFileReference; lastKnownFileType = text.plist.xml; path = Info.plist; sourceTree = "<group>"; };
		46B7C7E1235A38DA00FD1CF8 /* LandmarksUITests.xctest */ = {isa = PBXFileReference; explicitFileType = wrapper.cfbundle; includeInIndex = 0; path = LandmarksUITests.xctest; sourceTree = BUILT_PRODUCTS_DIR; };
		46B7C7E5235A38DA00FD1CF8 /* LandmarksUITests.swift */ = {isa = PBXFileReference; lastKnownFileType = sourcecode.swift; path = LandmarksUITests.swift; sourceTree = "<group>"; };
		46B7C7E7235A38DA00FD1CF8 /* Info.plist */ = {isa = PBXFileReference; lastKnownFileType = text.plist.xml; path = Info.plist; sourceTree = "<group>"; };
		46C7F0C72364E017008DB140 /* Badge.swift */ = {isa = PBXFileReference; lastKnownFileType = sourcecode.swift; path = Badge.swift; sourceTree = "<group>"; };
		46C7F0C92364E07D008DB140 /* BadgeSymbol.swift */ = {isa = PBXFileReference; lastKnownFileType = sourcecode.swift; path = BadgeSymbol.swift; sourceTree = "<group>"; };
/* End PBXFileReference section */

/* Begin PBXFrameworksBuildPhase section */
		46B7C7BD235A38D700FD1CF8 /* Frameworks */ = {
			isa = PBXFrameworksBuildPhase;
			buildActionMask = 2147483647;
			files = (
			);
			runOnlyForDeploymentPostprocessing = 0;
		};
		46B7C7D3235A38DA00FD1CF8 /* Frameworks */ = {
			isa = PBXFrameworksBuildPhase;
			buildActionMask = 2147483647;
			files = (
			);
			runOnlyForDeploymentPostprocessing = 0;
		};
		46B7C7DE235A38DA00FD1CF8 /* Frameworks */ = {
			isa = PBXFrameworksBuildPhase;
			buildActionMask = 2147483647;
			files = (
			);
			runOnlyForDeploymentPostprocessing = 0;
		};
/* End PBXFrameworksBuildPhase section */

/* Begin PBXGroup section */
		46005F5E2364CA6400CAA808 /* Supporting Views */ = {
			isa = PBXGroup;
			children = (
				46A4830423639AFE00410B93 /* CircleImage.swift */,
				46A4830623639D6A00410B93 /* MapView.swift */,
				46A4832B2363A66300410B93 /* LandmarkRow.swift */,
				464590552364CEFB00F4CD34 /* BadgeBackground.swift */,
				46C7F0C72364E017008DB140 /* Badge.swift */,
				46C7F0C92364E07D008DB140 /* BadgeSymbol.swift */,
				4685B9F32364E34D000A49A5 /* RotatedBadgeSymbol.swift */,
				4685B9F52364E813000A49A5 /* HikeGraph.swift */,
				4685B9FB2364E88D000A49A5 /* GraphCapsule.swift */,
				46504FA52364FD5F00D49EC5 /* CategoryRow.swift */,
				46504FA72364FF0D00D49EC5 /* CategoryItem.swift */,
				467D82B52367A9A600B739E3 /* HikeBadge.swift */,
			);
			path = "Supporting Views";
			sourceTree = "<group>";
		};
		467D82AE2367A6A600B739E3 /* Profiles */ = {
			isa = PBXGroup;
			children = (
				467D82AF2367A6C600B739E3 /* ProfileHost.swift */,
				467D82B32367A86400B739E3 /* ProfileSummary.swift */,
				467D82B72367AF5000B739E3 /* ProfileEditor.swift */,
			);
			path = Profiles;
			sourceTree = "<group>";
		};
		46A4830A2363A3E500410B93 /* Models */ = {
			isa = PBXGroup;
			children = (
				4640689C2363C65D00C7EAAF /* UserData.swift */,
				46A483292363A47A00410B93 /* Data.swift */,
				46A4830C2363A42000410B93 /* Landmark.swift */,
				4685B9F72364E83B000A49A5 /* HIke.swift */,
				467D82B12367A7F100B739E3 /* Profile.swift */,
			);
			path = Models;
			sourceTree = "<group>";
		};
		46A4830E2363A45800410B93 /* Resources */ = {
			isa = PBXGroup;
			children = (
				4685B9F92364E878000A49A5 /* hikeData.json */,
				4631B75D2364C8510058A8D7 /* charleyrivers.jpg */,
				46A4830F2363A45800410B93 /* turtlerock.jpg */,
				46A483102363A45800410B93 /* silversalmoncreek.jpg */,
				46A483112363A45800410B93 /* icybay.jpg */,
				46A483122363A45800410B93 /* lakemcdonald.jpg */,
				46A483132363A45800410B93 /* hiddenlake.jpg */,
				46A483142363A45800410B93 /* twinlake.jpg */,
				46A483152363A45800410B93 /* umbagog.jpg */,
				46A483162363A45800410B93 /* landmarkData.json */,
				46A483172363A45800410B93 /* chincoteague.jpg */,
				46A483182363A45800410B93 /* yukon_charleyrivers.jpg */,
				46A483192363A45800410B93 /* stmarylake.jpg */,
				46A4831A2363A45800410B93 /* chilkoottrail.jpg */,
				46A4831B2363A45800410B93 /* rainbowlake.jpg */,
			);
			path = Resources;
			sourceTree = "<group>";
		};
		46B7C7B7235A38D700FD1CF8 = {
			isa = PBXGroup;
			children = (
				46B7C7C2235A38D700FD1CF8 /* Landmarks */,
				46B7C7D9235A38DA00FD1CF8 /* LandmarksTests */,
				46B7C7E4235A38DA00FD1CF8 /* LandmarksUITests */,
				46B7C7C1235A38D700FD1CF8 /* Products */,
			);
			sourceTree = "<group>";
		};
		46B7C7C1235A38D700FD1CF8 /* Products */ = {
			isa = PBXGroup;
			children = (
				46B7C7C0235A38D700FD1CF8 /* Landmarks.app */,
				46B7C7D6235A38DA00FD1CF8 /* LandmarksTests.xctest */,
				46B7C7E1235A38DA00FD1CF8 /* LandmarksUITests.xctest */,
			);
			name = Products;
			sourceTree = "<group>";
		};
		46B7C7C2235A38D700FD1CF8 /* Landmarks */ = {
			isa = PBXGroup;
			children = (
				467D82AE2367A6A600B739E3 /* Profiles */,
				46B7C7C5235A38D700FD1CF8 /* SceneDelegate.swift */,
				46504FA32364FA1A00D49EC5 /* Home.swift */,
				46B7C7C7235A38D700FD1CF8 /* LandmarkDetail.swift */,
				46A4832D2363A87000410B93 /* LandmarkList.swift */,
				464590572364CF5A00F4CD34 /* HexagonParameters.swift */,
				4685B9FD2364E90E000A49A5 /* HikeView.swift */,
				4685B9FF2364E92E000A49A5 /* HikeDetail.swift */,
				46005F5E2364CA6400CAA808 /* Supporting Views */,
				46A4830E2363A45800410B93 /* Resources */,
				46A4830A2363A3E500410B93 /* Models */,
				46B7C7C3235A38D700FD1CF8 /* AppDelegate.swift */,
				46B7C7C9235A38DA00FD1CF8 /* Assets.xcassets */,
				46B7C7CE235A38DA00FD1CF8 /* LaunchScreen.storyboard */,
				46B7C7D1235A38DA00FD1CF8 /* Info.plist */,
				46B7C7CB235A38DA00FD1CF8 /* Preview Content */,
			);
			path = Landmarks;
			sourceTree = "<group>";
		};
		46B7C7CB235A38DA00FD1CF8 /* Preview Content */ = {
			isa = PBXGroup;
			children = (
				46B7C7CC235A38DA00FD1CF8 /* Preview Assets.xcassets */,
			);
			path = "Preview Content";
			sourceTree = "<group>";
		};
		46B7C7D9235A38DA00FD1CF8 /* LandmarksTests */ = {
			isa = PBXGroup;
			children = (
				46B7C7DA235A38DA00FD1CF8 /* LandmarksTests.swift */,
				46B7C7DC235A38DA00FD1CF8 /* Info.plist */,
			);
			path = LandmarksTests;
			sourceTree = "<group>";
		};
		46B7C7E4235A38DA00FD1CF8 /* LandmarksUITests */ = {
			isa = PBXGroup;
			children = (
				46B7C7E5235A38DA00FD1CF8 /* LandmarksUITests.swift */,
				46B7C7E7235A38DA00FD1CF8 /* Info.plist */,
			);
			path = LandmarksUITests;
			sourceTree = "<group>";
		};
/* End PBXGroup section */

/* Begin PBXNativeTarget section */
		46B7C7BF235A38D700FD1CF8 /* Landmarks */ = {
			isa = PBXNativeTarget;
			buildConfigurationList = 46B7C7EA235A38DA00FD1CF8 /* Build configuration list for PBXNativeTarget "Landmarks" */;
			buildPhases = (
				46B7C7BC235A38D700FD1CF8 /* Sources */,
				46B7C7BD235A38D700FD1CF8 /* Frameworks */,
				46B7C7BE235A38D700FD1CF8 /* Resources */,
			);
			buildRules = (
			);
			dependencies = (
			);
			name = Landmarks;
			productName = Landmarks;
			productReference = 46B7C7C0235A38D700FD1CF8 /* Landmarks.app */;
			productType = "com.apple.product-type.application";
		};
		46B7C7D5235A38DA00FD1CF8 /* LandmarksTests */ = {
			isa = PBXNativeTarget;
			buildConfigurationList = 46B7C7ED235A38DA00FD1CF8 /* Build configuration list for PBXNativeTarget "LandmarksTests" */;
			buildPhases = (
				46B7C7D2235A38DA00FD1CF8 /* Sources */,
				46B7C7D3235A38DA00FD1CF8 /* Frameworks */,
				46B7C7D4235A38DA00FD1CF8 /* Resources */,
			);
			buildRules = (
			);
			dependencies = (
				46B7C7D8235A38DA00FD1CF8 /* PBXTargetDependency */,
			);
			name = LandmarksTests;
			productName = LandmarksTests;
			productReference = 46B7C7D6235A38DA00FD1CF8 /* LandmarksTests.xctest */;
			productType = "com.apple.product-type.bundle.unit-test";
		};
		46B7C7E0235A38DA00FD1CF8 /* LandmarksUITests */ = {
			isa = PBXNativeTarget;
			buildConfigurationList = 46B7C7F0235A38DA00FD1CF8 /* Build configuration list for PBXNativeTarget "LandmarksUITests" */;
			buildPhases = (
				46B7C7DD235A38DA00FD1CF8 /* Sources */,
				46B7C7DE235A38DA00FD1CF8 /* Frameworks */,
				46B7C7DF235A38DA00FD1CF8 /* Resources */,
			);
			buildRules = (
			);
			dependencies = (
				46B7C7E3235A38DA00FD1CF8 /* PBXTargetDependency */,
			);
			name = LandmarksUITests;
			productName = LandmarksUITests;
			productReference = 46B7C7E1235A38DA00FD1CF8 /* LandmarksUITests.xctest */;
			productType = "com.apple.product-type.bundle.ui-testing";
		};
/* End PBXNativeTarget section */

/* Begin PBXProject section */
		46B7C7B8235A38D700FD1CF8 /* Project object */ = {
			isa = PBXProject;
			attributes = {
				LastSwiftUpdateCheck = 1110;
				LastUpgradeCheck = 1110;
				ORGANIZATIONNAME = "Philip Smith";
				TargetAttributes = {
					46B7C7BF235A38D700FD1CF8 = {
						CreatedOnToolsVersion = 11.1;
					};
					46B7C7D5235A38DA00FD1CF8 = {
						CreatedOnToolsVersion = 11.1;
						TestTargetID = 46B7C7BF235A38D700FD1CF8;
					};
					46B7C7E0235A38DA00FD1CF8 = {
						CreatedOnToolsVersion = 11.1;
						TestTargetID = 46B7C7BF235A38D700FD1CF8;
					};
				};
			};
			buildConfigurationList = 46B7C7BB235A38D700FD1CF8 /* Build configuration list for PBXProject "Landmarks" */;
			compatibilityVersion = "Xcode 9.3";
			developmentRegion = en;
			hasScannedForEncodings = 0;
			knownRegions = (
				en,
				Base,
			);
			mainGroup = 46B7C7B7235A38D700FD1CF8;
			productRefGroup = 46B7C7C1235A38D700FD1CF8 /* Products */;
			projectDirPath = "";
			projectRoot = "";
			targets = (
				46B7C7BF235A38D700FD1CF8 /* Landmarks */,
				46B7C7D5235A38DA00FD1CF8 /* LandmarksTests */,
				46B7C7E0235A38DA00FD1CF8 /* LandmarksUITests */,
			);
		};
/* End PBXProject section */

/* Begin PBXResourcesBuildPhase section */
		46B7C7BE235A38D700FD1CF8 /* Resources */ = {
			isa = PBXResourcesBuildPhase;
			buildActionMask = 2147483647;
			files = (
				46A4831F2363A45800410B93 /* lakemcdonald.jpg in Resources */,
				46A4831D2363A45800410B93 /* silversalmoncreek.jpg in Resources */,
				46A483232363A45800410B93 /* landmarkData.json in Resources */,
				46A4831C2363A45800410B93 /* turtlerock.jpg in Resources */,
				4685B9FA2364E878000A49A5 /* hikeData.json in Resources */,
				46B7C7D0235A38DA00FD1CF8 /* LaunchScreen.storyboard in Resources */,
				46A483222363A45800410B93 /* umbagog.jpg in Resources */,
				46A483262363A45800410B93 /* stmarylake.jpg in Resources */,
				4631B75E2364C8510058A8D7 /* charleyrivers.jpg in Resources */,
				46A483242363A45800410B93 /* chincoteague.jpg in Resources */,
				46B7C7CD235A38DA00FD1CF8 /* Preview Assets.xcassets in Resources */,
				46A4831E2363A45800410B93 /* icybay.jpg in Resources */,
				46A483212363A45800410B93 /* twinlake.jpg in Resources */,
				46A483202363A45800410B93 /* hiddenlake.jpg in Resources */,
				46B7C7CA235A38DA00FD1CF8 /* Assets.xcassets in Resources */,
				46A483282363A45800410B93 /* rainbowlake.jpg in Resources */,
				46A483272363A45800410B93 /* chilkoottrail.jpg in Resources */,
				46A483252363A45800410B93 /* yukon_charleyrivers.jpg in Resources */,
			);
			runOnlyForDeploymentPostprocessing = 0;
		};
		46B7C7D4235A38DA00FD1CF8 /* Resources */ = {
			isa = PBXResourcesBuildPhase;
			buildActionMask = 2147483647;
			files = (
			);
			runOnlyForDeploymentPostprocessing = 0;
		};
		46B7C7DF235A38DA00FD1CF8 /* Resources */ = {
			isa = PBXResourcesBuildPhase;
			buildActionMask = 2147483647;
			files = (
			);
			runOnlyForDeploymentPostprocessing = 0;
		};
/* End PBXResourcesBuildPhase section */

/* Begin PBXSourcesBuildPhase section */
		46B7C7BC235A38D700FD1CF8 /* Sources */ = {
			isa = PBXSourcesBuildPhase;
			buildActionMask = 2147483647;
			files = (
				46504FA62364FD5F00D49EC5 /* CategoryRow.swift in Sources */,
				4685B9F82364E83B000A49A5 /* HIke.swift in Sources */,
				464590582364CF5A00F4CD34 /* HexagonParameters.swift in Sources */,
				467D82B02367A6C600B739E3 /* ProfileHost.swift in Sources */,
				46A4832A2363A47A00410B93 /* Data.swift in Sources */,
				46B7C7C4235A38D700FD1CF8 /* AppDelegate.swift in Sources */,
				4685B9FE2364E90E000A49A5 /* HikeView.swift in Sources */,
				464590562364CEFB00F4CD34 /* BadgeBackground.swift in Sources */,
				46A4830523639AFE00410B93 /* CircleImage.swift in Sources */,
				46A4830723639D6A00410B93 /* MapView.swift in Sources */,
				46504FA82364FF0D00D49EC5 /* CategoryItem.swift in Sources */,
				46A4832E2363A87000410B93 /* LandmarkList.swift in Sources */,
				467D82B42367A86400B739E3 /* ProfileSummary.swift in Sources */,
				46C7F0CA2364E07D008DB140 /* BadgeSymbol.swift in Sources */,
				4685B9F42364E34D000A49A5 /* RotatedBadgeSymbol.swift in Sources */,
				46B7C7C6235A38D700FD1CF8 /* SceneDelegate.swift in Sources */,
				46B7C7C8235A38D700FD1CF8 /* LandmarkDetail.swift in Sources */,
				467D82B22367A7F100B739E3 /* Profile.swift in Sources */,
				467D82B82367AF5000B739E3 /* ProfileEditor.swift in Sources */,
				46504FA42364FA1B00D49EC5 /* Home.swift in Sources */,
				46A4832C2363A66300410B93 /* LandmarkRow.swift in Sources */,
				4640689D2363C65D00C7EAAF /* UserData.swift in Sources */,
				4685B9FC2364E88D000A49A5 /* GraphCapsule.swift in Sources */,
				467D82B62367A9A600B739E3 /* HikeBadge.swift in Sources */,
				4685B9F62364E813000A49A5 /* HikeGraph.swift in Sources */,
				46C7F0C82364E017008DB140 /* Badge.swift in Sources */,
				46A4830D2363A42000410B93 /* Landmark.swift in Sources */,
				4685BA002364E92E000A49A5 /* HikeDetail.swift in Sources */,
			);
			runOnlyForDeploymentPostprocessing = 0;
		};
		46B7C7D2235A38DA00FD1CF8 /* Sources */ = {
			isa = PBXSourcesBuildPhase;
			buildActionMask = 2147483647;
			files = (
				46B7C7DB235A38DA00FD1CF8 /* LandmarksTests.swift in Sources */,
			);
			runOnlyForDeploymentPostprocessing = 0;
		};
		46B7C7DD235A38DA00FD1CF8 /* Sources */ = {
			isa = PBXSourcesBuildPhase;
			buildActionMask = 2147483647;
			files = (
				46B7C7E6235A38DA00FD1CF8 /* LandmarksUITests.swift in Sources */,
			);
			runOnlyForDeploymentPostprocessing = 0;
		};
/* End PBXSourcesBuildPhase section */

/* Begin PBXTargetDependency section */
		46B7C7D8235A38DA00FD1CF8 /* PBXTargetDependency */ = {
			isa = PBXTargetDependency;
			target = 46B7C7BF235A38D700FD1CF8 /* Landmarks */;
			targetProxy = 46B7C7D7235A38DA00FD1CF8 /* PBXContainerItemProxy */;
		};
		46B7C7E3235A38DA00FD1CF8 /* PBXTargetDependency */ = {
			isa = PBXTargetDependency;
			target = 46B7C7BF235A38D700FD1CF8 /* Landmarks */;
			targetProxy = 46B7C7E2235A38DA00FD1CF8 /* PBXContainerItemProxy */;
		};
/* End PBXTargetDependency section */

/* Begin PBXVariantGroup section */
		46B7C7CE235A38DA00FD1CF8 /* LaunchScreen.storyboard */ = {
			isa = PBXVariantGroup;
			children = (
				46B7C7CF235A38DA00FD1CF8 /* Base */,
			);
			name = LaunchScreen.storyboard;
			sourceTree = "<group>";
		};
/* End PBXVariantGroup section */

/* Begin XCBuildConfiguration section */
		46B7C7E8235A38DA00FD1CF8 /* Debug */ = {
			isa = XCBuildConfiguration;
			buildSettings = {
				ALWAYS_SEARCH_USER_PATHS = NO;
				CLANG_ANALYZER_NONNULL = YES;
				CLANG_ANALYZER_NUMBER_OBJECT_CONVERSION = YES_AGGRESSIVE;
				CLANG_CXX_LANGUAGE_STANDARD = "gnu++14";
				CLANG_CXX_LIBRARY = "libc++";
				CLANG_ENABLE_MODULES = YES;
				CLANG_ENABLE_OBJC_ARC = YES;
				CLANG_ENABLE_OBJC_WEAK = YES;
				CLANG_WARN_BLOCK_CAPTURE_AUTORELEASING = YES;
				CLANG_WARN_BOOL_CONVERSION = YES;
				CLANG_WARN_COMMA = YES;
				CLANG_WARN_CONSTANT_CONVERSION = YES;
				CLANG_WARN_DEPRECATED_OBJC_IMPLEMENTATIONS = YES;
				CLANG_WARN_DIRECT_OBJC_ISA_USAGE = YES_ERROR;
				CLANG_WARN_DOCUMENTATION_COMMENTS = YES;
				CLANG_WARN_EMPTY_BODY = YES;
				CLANG_WARN_ENUM_CONVERSION = YES;
				CLANG_WARN_INFINITE_RECURSION = YES;
				CLANG_WARN_INT_CONVERSION = YES;
				CLANG_WARN_NON_LITERAL_NULL_CONVERSION = YES;
				CLANG_WARN_OBJC_IMPLICIT_RETAIN_SELF = YES;
				CLANG_WARN_OBJC_LITERAL_CONVERSION = YES;
				CLANG_WARN_OBJC_ROOT_CLASS = YES_ERROR;
				CLANG_WARN_RANGE_LOOP_ANALYSIS = YES;
				CLANG_WARN_STRICT_PROTOTYPES = YES;
				CLANG_WARN_SUSPICIOUS_MOVE = YES;
				CLANG_WARN_UNGUARDED_AVAILABILITY = YES_AGGRESSIVE;
				CLANG_WARN_UNREACHABLE_CODE = YES;
				CLANG_WARN__DUPLICATE_METHOD_MATCH = YES;
				COPY_PHASE_STRIP = NO;
				DEBUG_INFORMATION_FORMAT = dwarf;
				ENABLE_STRICT_OBJC_MSGSEND = YES;
				ENABLE_TESTABILITY = YES;
				GCC_C_LANGUAGE_STANDARD = gnu11;
				GCC_DYNAMIC_NO_PIC = NO;
				GCC_NO_COMMON_BLOCKS = YES;
				GCC_OPTIMIZATION_LEVEL = 0;
				GCC_PREPROCESSOR_DEFINITIONS = (
					"DEBUG=1",
					"$(inherited)",
				);
				GCC_WARN_64_TO_32_BIT_CONVERSION = YES;
				GCC_WARN_ABOUT_RETURN_TYPE = YES_ERROR;
				GCC_WARN_UNDECLARED_SELECTOR = YES;
				GCC_WARN_UNINITIALIZED_AUTOS = YES_AGGRESSIVE;
				GCC_WARN_UNUSED_FUNCTION = YES;
				GCC_WARN_UNUSED_VARIABLE = YES;
				IPHONEOS_DEPLOYMENT_TARGET = 13.1;
				MTL_ENABLE_DEBUG_INFO = INCLUDE_SOURCE;
				MTL_FAST_MATH = YES;
				ONLY_ACTIVE_ARCH = YES;
				SDKROOT = iphoneos;
				SWIFT_ACTIVE_COMPILATION_CONDITIONS = DEBUG;
				SWIFT_OPTIMIZATION_LEVEL = "-Onone";
			};
			name = Debug;
		};
		46B7C7E9235A38DA00FD1CF8 /* Release */ = {
			isa = XCBuildConfiguration;
			buildSettings = {
				ALWAYS_SEARCH_USER_PATHS = NO;
				CLANG_ANALYZER_NONNULL = YES;
				CLANG_ANALYZER_NUMBER_OBJECT_CONVERSION = YES_AGGRESSIVE;
				CLANG_CXX_LANGUAGE_STANDARD = "gnu++14";
				CLANG_CXX_LIBRARY = "libc++";
				CLANG_ENABLE_MODULES = YES;
				CLANG_ENABLE_OBJC_ARC = YES;
				CLANG_ENABLE_OBJC_WEAK = YES;
				CLANG_WARN_BLOCK_CAPTURE_AUTORELEASING = YES;
				CLANG_WARN_BOOL_CONVERSION = YES;
				CLANG_WARN_COMMA = YES;
				CLANG_WARN_CONSTANT_CONVERSION = YES;
				CLANG_WARN_DEPRECATED_OBJC_IMPLEMENTATIONS = YES;
				CLANG_WARN_DIRECT_OBJC_ISA_USAGE = YES_ERROR;
				CLANG_WARN_DOCUMENTATION_COMMENTS = YES;
				CLANG_WARN_EMPTY_BODY = YES;
				CLANG_WARN_ENUM_CONVERSION = YES;
				CLANG_WARN_INFINITE_RECURSION = YES;
				CLANG_WARN_INT_CONVERSION = YES;
				CLANG_WARN_NON_LITERAL_NULL_CONVERSION = YES;
				CLANG_WARN_OBJC_IMPLICIT_RETAIN_SELF = YES;
				CLANG_WARN_OBJC_LITERAL_CONVERSION = YES;
				CLANG_WARN_OBJC_ROOT_CLASS = YES_ERROR;
				CLANG_WARN_RANGE_LOOP_ANALYSIS = YES;
				CLANG_WARN_STRICT_PROTOTYPES = YES;
				CLANG_WARN_SUSPICIOUS_MOVE = YES;
				CLANG_WARN_UNGUARDED_AVAILABILITY = YES_AGGRESSIVE;
				CLANG_WARN_UNREACHABLE_CODE = YES;
				CLANG_WARN__DUPLICATE_METHOD_MATCH = YES;
				COPY_PHASE_STRIP = NO;
				DEBUG_INFORMATION_FORMAT = "dwarf-with-dsym";
				ENABLE_NS_ASSERTIONS = NO;
				ENABLE_STRICT_OBJC_MSGSEND = YES;
				GCC_C_LANGUAGE_STANDARD = gnu11;
				GCC_NO_COMMON_BLOCKS = YES;
				GCC_WARN_64_TO_32_BIT_CONVERSION = YES;
				GCC_WARN_ABOUT_RETURN_TYPE = YES_ERROR;
				GCC_WARN_UNDECLARED_SELECTOR = YES;
				GCC_WARN_UNINITIALIZED_AUTOS = YES_AGGRESSIVE;
				GCC_WARN_UNUSED_FUNCTION = YES;
				GCC_WARN_UNUSED_VARIABLE = YES;
				IPHONEOS_DEPLOYMENT_TARGET = 13.1;
				MTL_ENABLE_DEBUG_INFO = NO;
				MTL_FAST_MATH = YES;
				SDKROOT = iphoneos;
				SWIFT_COMPILATION_MODE = wholemodule;
				SWIFT_OPTIMIZATION_LEVEL = "-O";
				VALIDATE_PRODUCT = YES;
			};
			name = Release;
		};
		46B7C7EB235A38DA00FD1CF8 /* Debug */ = {
			isa = XCBuildConfiguration;
			buildSettings = {
				ASSETCATALOG_COMPILER_APPICON_NAME = AppIcon;
				CODE_SIGN_STYLE = Automatic;
				DEVELOPMENT_ASSET_PATHS = "\"Landmarks/Preview Content\"";
				DEVELOPMENT_TEAM = 5UJ9EQRTX9;
				ENABLE_PREVIEWS = YES;
				INFOPLIST_FILE = Landmarks/Info.plist;
				LD_RUNPATH_SEARCH_PATHS = (
					"$(inherited)",
					"@executable_path/Frameworks",
				);
				PRODUCT_BUNDLE_IDENTIFIER = phils.tech.Landmarks;
				PRODUCT_NAME = "$(TARGET_NAME)";
				SWIFT_VERSION = 5.0;
				TARGETED_DEVICE_FAMILY = "1,2";
			};
			name = Debug;
		};
		46B7C7EC235A38DA00FD1CF8 /* Release */ = {
			isa = XCBuildConfiguration;
			buildSettings = {
				ASSETCATALOG_COMPILER_APPICON_NAME = AppIcon;
				CODE_SIGN_STYLE = Automatic;
				DEVELOPMENT_ASSET_PATHS = "\"Landmarks/Preview Content\"";
				DEVELOPMENT_TEAM = 5UJ9EQRTX9;
				ENABLE_PREVIEWS = YES;
				INFOPLIST_FILE = Landmarks/Info.plist;
				LD_RUNPATH_SEARCH_PATHS = (
					"$(inherited)",
					"@executable_path/Frameworks",
				);
				PRODUCT_BUNDLE_IDENTIFIER = phils.tech.Landmarks;
				PRODUCT_NAME = "$(TARGET_NAME)";
				SWIFT_VERSION = 5.0;
				TARGETED_DEVICE_FAMILY = "1,2";
			};
			name = Release;
		};
		46B7C7EE235A38DA00FD1CF8 /* Debug */ = {
			isa = XCBuildConfiguration;
			buildSettings = {
				ALWAYS_EMBED_SWIFT_STANDARD_LIBRARIES = YES;
				BUNDLE_LOADER = "$(TEST_HOST)";
				CODE_SIGN_STYLE = Automatic;
				DEVELOPMENT_TEAM = 5UJ9EQRTX9;
				INFOPLIST_FILE = LandmarksTests/Info.plist;
				IPHONEOS_DEPLOYMENT_TARGET = 13.1;
				LD_RUNPATH_SEARCH_PATHS = (
					"$(inherited)",
					"@executable_path/Frameworks",
					"@loader_path/Frameworks",
				);
				PRODUCT_BUNDLE_IDENTIFIER = phils.tech.LandmarksTests;
				PRODUCT_NAME = "$(TARGET_NAME)";
				SWIFT_VERSION = 5.0;
				TARGETED_DEVICE_FAMILY = "1,2";
				TEST_HOST = "$(BUILT_PRODUCTS_DIR)/Landmarks.app/Landmarks";
			};
			name = Debug;
		};
		46B7C7EF235A38DA00FD1CF8 /* Release */ = {
			isa = XCBuildConfiguration;
			buildSettings = {
				ALWAYS_EMBED_SWIFT_STANDARD_LIBRARIES = YES;
				BUNDLE_LOADER = "$(TEST_HOST)";
				CODE_SIGN_STYLE = Automatic;
				DEVELOPMENT_TEAM = 5UJ9EQRTX9;
				INFOPLIST_FILE = LandmarksTests/Info.plist;
				IPHONEOS_DEPLOYMENT_TARGET = 13.1;
				LD_RUNPATH_SEARCH_PATHS = (
					"$(inherited)",
					"@executable_path/Frameworks",
					"@loader_path/Frameworks",
				);
				PRODUCT_BUNDLE_IDENTIFIER = phils.tech.LandmarksTests;
				PRODUCT_NAME = "$(TARGET_NAME)";
				SWIFT_VERSION = 5.0;
				TARGETED_DEVICE_FAMILY = "1,2";
				TEST_HOST = "$(BUILT_PRODUCTS_DIR)/Landmarks.app/Landmarks";
			};
			name = Release;
		};
		46B7C7F1235A38DA00FD1CF8 /* Debug */ = {
			isa = XCBuildConfiguration;
			buildSettings = {
				ALWAYS_EMBED_SWIFT_STANDARD_LIBRARIES = YES;
				CODE_SIGN_STYLE = Automatic;
				DEVELOPMENT_TEAM = 5UJ9EQRTX9;
				INFOPLIST_FILE = LandmarksUITests/Info.plist;
				LD_RUNPATH_SEARCH_PATHS = (
					"$(inherited)",
					"@executable_path/Frameworks",
					"@loader_path/Frameworks",
				);
				PRODUCT_BUNDLE_IDENTIFIER = phils.tech.LandmarksUITests;
				PRODUCT_NAME = "$(TARGET_NAME)";
				SWIFT_VERSION = 5.0;
				TARGETED_DEVICE_FAMILY = "1,2";
				TEST_TARGET_NAME = Landmarks;
			};
			name = Debug;
		};
		46B7C7F2235A38DA00FD1CF8 /* Release */ = {
			isa = XCBuildConfiguration;
			buildSettings = {
				ALWAYS_EMBED_SWIFT_STANDARD_LIBRARIES = YES;
				CODE_SIGN_STYLE = Automatic;
				DEVELOPMENT_TEAM = 5UJ9EQRTX9;
				INFOPLIST_FILE = LandmarksUITests/Info.plist;
				LD_RUNPATH_SEARCH_PATHS = (
					"$(inherited)",
					"@executable_path/Frameworks",
					"@loader_path/Frameworks",
				);
				PRODUCT_BUNDLE_IDENTIFIER = phils.tech.LandmarksUITests;
				PRODUCT_NAME = "$(TARGET_NAME)";
				SWIFT_VERSION = 5.0;
				TARGETED_DEVICE_FAMILY = "1,2";
				TEST_TARGET_NAME = Landmarks;
			};
			name = Release;
		};
/* End XCBuildConfiguration section */

/* Begin XCConfigurationList section */
		46B7C7BB235A38D700FD1CF8 /* Build configuration list for PBXProject "Landmarks" */ = {
			isa = XCConfigurationList;
			buildConfigurations = (
				46B7C7E8235A38DA00FD1CF8 /* Debug */,
				46B7C7E9235A38DA00FD1CF8 /* Release */,
			);
			defaultConfigurationIsVisible = 0;
			defaultConfigurationName = Release;
		};
		46B7C7EA235A38DA00FD1CF8 /* Build configuration list for PBXNativeTarget "Landmarks" */ = {
			isa = XCConfigurationList;
			buildConfigurations = (
				46B7C7EB235A38DA00FD1CF8 /* Debug */,
				46B7C7EC235A38DA00FD1CF8 /* Release */,
			);
			defaultConfigurationIsVisible = 0;
			defaultConfigurationName = Release;
		};
		46B7C7ED235A38DA00FD1CF8 /* Build configuration list for PBXNativeTarget "LandmarksTests" */ = {
			isa = XCConfigurationList;
			buildConfigurations = (
				46B7C7EE235A38DA00FD1CF8 /* Debug */,
				46B7C7EF235A38DA00FD1CF8 /* Release */,
			);
			defaultConfigurationIsVisible = 0;
			defaultConfigurationName = Release;
		};
		46B7C7F0235A38DA00FD1CF8 /* Build configuration list for PBXNativeTarget "LandmarksUITests" */ = {
			isa = XCConfigurationList;
			buildConfigurations = (
				46B7C7F1235A38DA00FD1CF8 /* Debug */,
				46B7C7F2235A38DA00FD1CF8 /* Release */,
			);
			defaultConfigurationIsVisible = 0;
			defaultConfigurationName = Release;
		};
/* End XCConfigurationList section */
	};
	rootObject = 46B7C7B8235A38D700FD1CF8 /* Project object */;
}
